// !$*UTF8*$!
{
	archiveVersion = 1;
	classes = {
	};
	objectVersion = 42;
	objects = {

/* Begin PBXBuildFile section */
		03ac305c546fedb7c2a7e1a8112cdafb /* b2FrictionJoint.cpp in Sources */ = {isa = PBXBuildFile; fileRef = f4b51e6f303e7cff1c9150fac5480e98 /* b2FrictionJoint.cpp */; };
		0c7bd977292f7d20b41df594ce4f8a70 /* b2StackAllocator.cpp in Sources */ = {isa = PBXBuildFile; fileRef = 920cfc6d7e43eed2b7b03746cc1dde5f /* b2StackAllocator.cpp */; };
		12548b44285b5c07eea5379c8fb611d6 /* ofxBox2dJoint.cpp in Sources */ = {isa = PBXBuildFile; fileRef = a50d78022165a0491d5bacde9a09e83b /* ofxBox2dJoint.cpp */; };
		14d76fd1b7f190398d120fa470d42694 /* b2Joint.cpp in Sources */ = {isa = PBXBuildFile; fileRef = f23a5411f24089d7577898a9f6b0b902 /* b2Joint.cpp */; };
		14f3fb468fed85dd86cc9bcfb64df7a8 /* b2DistanceJoint.cpp in Sources */ = {isa = PBXBuildFile; fileRef = 87c1e2a2cc108c32b0d02b08325ee180 /* b2DistanceJoint.cpp */; };
		19894c344a6861a26a61d2c00f240799 /* b2TimeOfImpact.cpp in Sources */ = {isa = PBXBuildFile; fileRef = 72d68efe6b068991551c750daa6a0171 /* b2TimeOfImpact.cpp */; };
		1b19fd7e51b73109c4ac02d966ba8a9e /* b2BroadPhase.cpp in Sources */ = {isa = PBXBuildFile; fileRef = b75d46d6b41e78df2b519a18ea6220ed /* b2BroadPhase.cpp */; };
		22a83fe368c671fa8dbd5e51c2e02c66 /* b2Math.cpp in Sources */ = {isa = PBXBuildFile; fileRef = f672ebfcb4887c08bbb23527c897a3ac /* b2Math.cpp */; };
		285eff3173789cd57844d9c8fbd56c1d /* b2TOISolver.cpp in Sources */ = {isa = PBXBuildFile; fileRef = 6af4a5b6c77e280668f06a769571d2d3 /* b2TOISolver.cpp */; };
		298ead2c029d9959f5b32246587cbfe2 /* b2CollidePolygon.cpp in Sources */ = {isa = PBXBuildFile; fileRef = 9e4379c040a2c0896393eeab94079191 /* b2CollidePolygon.cpp */; };
		2a5d09413fd64eb3af88ef02ff6a5449 /* b2GearJoint.cpp in Sources */ = {isa = PBXBuildFile; fileRef = 930eb8baaa6a962411ec197db54eb10b /* b2GearJoint.cpp */; };
		2f666321514a2075b12ce4ee4229693d /* b2CollideCircle.cpp in Sources */ = {isa = PBXBuildFile; fileRef = e5922cf5578d5431f2ab941d1d16a7a0 /* b2CollideCircle.cpp */; };
		34bc8bafaa94bd8ccba662d12407e004 /* b2LineJoint.cpp in Sources */ = {isa = PBXBuildFile; fileRef = 45eb42f8640cfcae47aa7e08ab94ffbd /* b2LineJoint.cpp */; };
		3e76a164b41bceb11b15c175088fe1bc /* b2Body.cpp in Sources */ = {isa = PBXBuildFile; fileRef = a296623a714c9f8edb4bca26d13eafef /* b2Body.cpp */; };
		41ddb078572b368f685e19f89f0cf42e /* b2PolygonContact.cpp in Sources */ = {isa = PBXBuildFile; fileRef = 993da2bf507b037b97e6fa1653830b15 /* b2PolygonContact.cpp */; };
		4cc0fd96de77ff40bbcf8dd893ae88b8 /* del_impl.cpp in Sources */ = {isa = PBXBuildFile; fileRef = 3ec06dc33990374e7508e4ea9cf41d28 /* del_impl.cpp */; };
		5146aeb9e58fb1b388820c2ae900051e /* b2WorldCallbacks.cpp in Sources */ = {isa = PBXBuildFile; fileRef = 561370923a365a4a9dc9fb8aa1c415d5 /* b2WorldCallbacks.cpp */; };
		64f975dc016f17834fbb9f013968e57a /* b2PrismaticJoint.cpp in Sources */ = {isa = PBXBuildFile; fileRef = eac7229cc8fef0087c9482f125e5e75c /* b2PrismaticJoint.cpp */; };
		6fce95d2ef10accec27246888620fdab /* b2Island.cpp in Sources */ = {isa = PBXBuildFile; fileRef = 5c703fd5b2d1d10baee01bea61886b5c /* b2Island.cpp */; };
		70acbbd5dbe2725ec1e99ccf448c8e32 /* b2CircleContact.cpp in Sources */ = {isa = PBXBuildFile; fileRef = 4c1a083ac6f4f462ebc575655c1e2c66 /* b2CircleContact.cpp */; };
		71c677669b75120425de19d441a0ad55 /* b2DynamicTree.cpp in Sources */ = {isa = PBXBuildFile; fileRef = 5738a60d76f5b706cb90c16436b07bc4 /* b2DynamicTree.cpp */; };
		7e1aaab7a2f92465251ae49e2379b209 /* b2PolygonAndCircleContact.cpp in Sources */ = {isa = PBXBuildFile; fileRef = 804b4f86c3daa1e51794d893c353798b /* b2PolygonAndCircleContact.cpp */; };
		87c5c3ded336b7bb4a5d06d6b0f522d3 /* b2WeldJoint.cpp in Sources */ = {isa = PBXBuildFile; fileRef = 84b1b4a3e366385f8eeecd619dfefd0b /* b2WeldJoint.cpp */; };
		981ea7c2357295ae8501f4c650fd5c84 /* b2PolygonShape.cpp in Sources */ = {isa = PBXBuildFile; fileRef = cc3fcae32b28b52708484dc5d6cfcbb1 /* b2PolygonShape.cpp */; };
		9f9d49cfc30ba1589822e7abc2b3e958 /* b2PulleyJoint.cpp in Sources */ = {isa = PBXBuildFile; fileRef = deed18744d2e82c919d7d1524223a797 /* b2PulleyJoint.cpp */; };
		BBAB23CB13894F3D00AA2426 /* GLUT.framework in CopyFiles */ = {isa = PBXBuildFile; fileRef = BBAB23BE13894E4700AA2426 /* GLUT.framework */; };
		E4328149138ABC9F0047C5CB /* openFrameworksDebug.a in Frameworks */ = {isa = PBXBuildFile; fileRef = E4328148138ABC890047C5CB /* openFrameworksDebug.a */; };
		E45BE97B0E8CC7DD009D7055 /* AGL.framework in Frameworks */ = {isa = PBXBuildFile; fileRef = E45BE9710E8CC7DD009D7055 /* AGL.framework */; };
		E45BE97C0E8CC7DD009D7055 /* ApplicationServices.framework in Frameworks */ = {isa = PBXBuildFile; fileRef = E45BE9720E8CC7DD009D7055 /* ApplicationServices.framework */; };
		E45BE97D0E8CC7DD009D7055 /* AudioToolbox.framework in Frameworks */ = {isa = PBXBuildFile; fileRef = E45BE9730E8CC7DD009D7055 /* AudioToolbox.framework */; };
		E45BE97E0E8CC7DD009D7055 /* Carbon.framework in Frameworks */ = {isa = PBXBuildFile; fileRef = E45BE9740E8CC7DD009D7055 /* Carbon.framework */; };
		E45BE97F0E8CC7DD009D7055 /* CoreAudio.framework in Frameworks */ = {isa = PBXBuildFile; fileRef = E45BE9750E8CC7DD009D7055 /* CoreAudio.framework */; };
		E45BE9800E8CC7DD009D7055 /* CoreFoundation.framework in Frameworks */ = {isa = PBXBuildFile; fileRef = E45BE9760E8CC7DD009D7055 /* CoreFoundation.framework */; };
		E45BE9810E8CC7DD009D7055 /* CoreServices.framework in Frameworks */ = {isa = PBXBuildFile; fileRef = E45BE9770E8CC7DD009D7055 /* CoreServices.framework */; };
		E45BE9830E8CC7DD009D7055 /* OpenGL.framework in Frameworks */ = {isa = PBXBuildFile; fileRef = E45BE9790E8CC7DD009D7055 /* OpenGL.framework */; };
		E45BE9840E8CC7DD009D7055 /* QuickTime.framework in Frameworks */ = {isa = PBXBuildFile; fileRef = E45BE97A0E8CC7DD009D7055 /* QuickTime.framework */; };
		E4B69E200A3A1BDC003C02F2 /* main.cpp in Sources */ = {isa = PBXBuildFile; fileRef = E4B69E1D0A3A1BDC003C02F2 /* main.cpp */; };
		E4B69E210A3A1BDC003C02F2 /* testApp.cpp in Sources */ = {isa = PBXBuildFile; fileRef = E4B69E1E0A3A1BDC003C02F2 /* testApp.cpp */; };
		E4C2424710CC5A17004149E2 /* AppKit.framework in Frameworks */ = {isa = PBXBuildFile; fileRef = E4C2424410CC5A17004149E2 /* AppKit.framework */; };
		E4C2424810CC5A17004149E2 /* Cocoa.framework in Frameworks */ = {isa = PBXBuildFile; fileRef = E4C2424510CC5A17004149E2 /* Cocoa.framework */; };
		E4C2424910CC5A17004149E2 /* IOKit.framework in Frameworks */ = {isa = PBXBuildFile; fileRef = E4C2424610CC5A17004149E2 /* IOKit.framework */; };
		E4EB6799138ADC1D00A09F29 /* GLUT.framework in Frameworks */ = {isa = PBXBuildFile; fileRef = BBAB23BE13894E4700AA2426 /* GLUT.framework */; };
		a2e3224bf9b63daa802a0f18c97a94b2 /* b2Distance.cpp in Sources */ = {isa = PBXBuildFile; fileRef = e83dbe901c4b79b39c15dc4657fcbe23 /* b2Distance.cpp */; };
		a2e6b252d682a7fb048a1644b20ea99a /* b2RevoluteJoint.cpp in Sources */ = {isa = PBXBuildFile; fileRef = 3d48fa57f2101b998aff455cd1d58288 /* b2RevoluteJoint.cpp */; };
		ac527216645d66921fb3e36f669df420 /* b2World.cpp in Sources */ = {isa = PBXBuildFile; fileRef = bccd69f7be28da5483cc6db59fca798a /* b2World.cpp */; };
		ac5a3d9e6c3e12122c80f404c3dedf69 /* b2Collision.cpp in Sources */ = {isa = PBXBuildFile; fileRef = 076e021c881963ff378f36ad42d37173 /* b2Collision.cpp */; };
		ae9254bc31c3409899d28dc900eeba61 /* ofxBox2dCircle.cpp in Sources */ = {isa = PBXBuildFile; fileRef = 722c442e9d47334908c97a1326c5db86 /* ofxBox2dCircle.cpp */; };
		b103df2084e0f38d03e0e6f1c562f1c6 /* ofxBox2dRect.cpp in Sources */ = {isa = PBXBuildFile; fileRef = c2613e67c51fde6f55873e38ed6e52f0 /* ofxBox2dRect.cpp */; };
		b16c89d9ca996ca8fd860d81223bd4dc /* ofxBox2d.cpp in Sources */ = {isa = PBXBuildFile; fileRef = 229cb9c8af92d3460f8d554a37edef1a /* ofxBox2d.cpp */; };
		bb885f5f39c8da070d80ef023898c248 /* b2BlockAllocator.cpp in Sources */ = {isa = PBXBuildFile; fileRef = a76d962905d0ba4de02320a5954b5369 /* b2BlockAllocator.cpp */; };
		bfd2a0eebe3b4153659ec355abca9208 /* b2Contact.cpp in Sources */ = {isa = PBXBuildFile; fileRef = bbca857da9c5f92bf720a6c8461c0c07 /* b2Contact.cpp */; };
		c3d8ef14a387ea959014ad91674b22c5 /* b2ContactManager.cpp in Sources */ = {isa = PBXBuildFile; fileRef = 14f573eb8a3c9d93203e1f205fee0766 /* b2ContactManager.cpp */; };
		cb503b33759f22a302b8fc6e1c86d94e /* b2Settings.cpp in Sources */ = {isa = PBXBuildFile; fileRef = 52fd632883052641c31c9444cbf7467f /* b2Settings.cpp */; };
		d2969de2782bae96a0c7adc1cbc092ff /* b2MouseJoint.cpp in Sources */ = {isa = PBXBuildFile; fileRef = d307392f3f50e30959e20ebaaedef3c2 /* b2MouseJoint.cpp */; };
		da846513da696b1e8921bbc376393b74 /* b2CircleShape.cpp in Sources */ = {isa = PBXBuildFile; fileRef = 7414da8ee4de1570c05c5ca842cd585e /* b2CircleShape.cpp */; };
		dfacec3a1e9d23315321d7eaa48bd2b5 /* ofxBox2dPolygon.cpp in Sources */ = {isa = PBXBuildFile; fileRef = f3392d405a715a07dcc8fac21d1cac32 /* ofxBox2dPolygon.cpp */; };
		f2ff2f9d6699b4b328cb6be3b5b250e9 /* ofxBox2dBaseShape.cpp in Sources */ = {isa = PBXBuildFile; fileRef = 3b2388bee23f8a1dd0aadbc6a898cc3c /* ofxBox2dBaseShape.cpp */; };
		f32187d344f58022dfd48c0f5a1f2a20 /* b2ContactSolver.cpp in Sources */ = {isa = PBXBuildFile; fileRef = f0470d1543962fec83bb4973548f6d2a /* b2ContactSolver.cpp */; };
		fa7300bac71dac1abaf6ee151b67c52e /* b2Fixture.cpp in Sources */ = {isa = PBXBuildFile; fileRef = 774ddd1b3f05d3fdf0d37794ec73b989 /* b2Fixture.cpp */; };
/* End PBXBuildFile section */

/* Begin PBXContainerItemProxy section */
		E4328147138ABC890047C5CB /* PBXContainerItemProxy */ = {
			isa = PBXContainerItemProxy;
			containerPortal = E4328143138ABC890047C5CB /* openFrameworksLib.xcodeproj */;
			proxyType = 2;
			remoteGlobalIDString = E4B27C1510CBEB8E00536013;
			remoteInfo = openFrameworks;
		};
		E4EEB9AB138B136A00A80321 /* PBXContainerItemProxy */ = {
			isa = PBXContainerItemProxy;
			containerPortal = E4328143138ABC890047C5CB /* openFrameworksLib.xcodeproj */;
			proxyType = 1;
			remoteGlobalIDString = E4B27C1410CBEB8E00536013;
			remoteInfo = openFrameworks;
		};
/* End PBXContainerItemProxy section */

/* Begin PBXCopyFilesBuildPhase section */
		E4C2427710CC5ABF004149E2 /* CopyFiles */ = {
			isa = PBXCopyFilesBuildPhase;
			buildActionMask = 2147483647;
			dstPath = "";
			dstSubfolderSpec = 10;
			files = (
				BBAB23CB13894F3D00AA2426 /* GLUT.framework in CopyFiles */,
			);
			runOnlyForDeploymentPostprocessing = 0;
		};
/* End PBXCopyFilesBuildPhase section */

/* Begin PBXFileReference section */
		00e4168327b058f211d9776c524ae891 /* ofxBox2dCircle.h */ = {isa = PBXFileReference; explicitFileType = sourcecode.c.h; fileEncoding = 30; name = ofxBox2dCircle.h; path = ../../../addons/ofxBox2d/src/ofxBox2dCircle.h; sourceTree = SOURCE_ROOT; };
		050eba25c966baeae35064687b3a25f3 /* b2Contact.h */ = {isa = PBXFileReference; explicitFileType = sourcecode.c.h; fileEncoding = 30; name = b2Contact.h; path = ../../../addons/ofxBox2d/libs/Box2D/Dynamics/Contacts/b2Contact.h; sourceTree = SOURCE_ROOT; };
		076e021c881963ff378f36ad42d37173 /* b2Collision.cpp */ = {isa = PBXFileReference; explicitFileType = sourcecode.cpp.cpp; fileEncoding = 30; name = b2Collision.cpp; path = ../../../addons/ofxBox2d/libs/Box2D/Collision/b2Collision.cpp; sourceTree = SOURCE_ROOT; };
		12f31e0f876a69d39fefae133dade61a /* b2LineJoint.h */ = {isa = PBXFileReference; explicitFileType = sourcecode.c.h; fileEncoding = 30; name = b2LineJoint.h; path = ../../../addons/ofxBox2d/libs/Box2D/Dynamics/Joints/b2LineJoint.h; sourceTree = SOURCE_ROOT; };
		14f573eb8a3c9d93203e1f205fee0766 /* b2ContactManager.cpp */ = {isa = PBXFileReference; explicitFileType = sourcecode.cpp.cpp; fileEncoding = 30; name = b2ContactManager.cpp; path = ../../../addons/ofxBox2d/libs/Box2D/Dynamics/b2ContactManager.cpp; sourceTree = SOURCE_ROOT; };
		17177733c8ab60d9ddde9850062e8032 /* b2FrictionJoint.h */ = {isa = PBXFileReference; explicitFileType = sourcecode.c.h; fileEncoding = 30; name = b2FrictionJoint.h; path = ../../../addons/ofxBox2d/libs/Box2D/Dynamics/Joints/b2FrictionJoint.h; sourceTree = SOURCE_ROOT; };
		1d96594eb6bce7c4a6758e77b4799a32 /* b2PolygonShape.h */ = {isa = PBXFileReference; explicitFileType = sourcecode.c.h; fileEncoding = 30; name = b2PolygonShape.h; path = ../../../addons/ofxBox2d/libs/Box2D/Collision/Shapes/b2PolygonShape.h; sourceTree = SOURCE_ROOT; };
		209bcef79f286c9203801938d30b0fc5 /* b2GearJoint.h */ = {isa = PBXFileReference; explicitFileType = sourcecode.c.h; fileEncoding = 30; name = b2GearJoint.h; path = ../../../addons/ofxBox2d/libs/Box2D/Dynamics/Joints/b2GearJoint.h; sourceTree = SOURCE_ROOT; };
		229cb9c8af92d3460f8d554a37edef1a /* ofxBox2d.cpp */ = {isa = PBXFileReference; explicitFileType = sourcecode.cpp.cpp; fileEncoding = 30; name = ofxBox2d.cpp; path = ../../../addons/ofxBox2d/src/ofxBox2d.cpp; sourceTree = SOURCE_ROOT; };
		2ed05f6d627b4e70fa2e76782fac15bc /* b2PolygonContact.h */ = {isa = PBXFileReference; explicitFileType = sourcecode.c.h; fileEncoding = 30; name = b2PolygonContact.h; path = ../../../addons/ofxBox2d/libs/Box2D/Dynamics/Contacts/b2PolygonContact.h; sourceTree = SOURCE_ROOT; };
		3b2388bee23f8a1dd0aadbc6a898cc3c /* ofxBox2dBaseShape.cpp */ = {isa = PBXFileReference; explicitFileType = sourcecode.cpp.cpp; fileEncoding = 30; name = ofxBox2dBaseShape.cpp; path = ../../../addons/ofxBox2d/src/ofxBox2dBaseShape.cpp; sourceTree = SOURCE_ROOT; };
		3c9685d59f4d73a3593def838be37d1f /* ofxBox2dUtils.h */ = {isa = PBXFileReference; explicitFileType = sourcecode.c.h; fileEncoding = 30; name = ofxBox2dUtils.h; path = ../../../addons/ofxBox2d/src/ofxBox2dUtils.h; sourceTree = SOURCE_ROOT; };
		3d48fa57f2101b998aff455cd1d58288 /* b2RevoluteJoint.cpp */ = {isa = PBXFileReference; explicitFileType = sourcecode.cpp.cpp; fileEncoding = 30; name = b2RevoluteJoint.cpp; path = ../../../addons/ofxBox2d/libs/Box2D/Dynamics/Joints/b2RevoluteJoint.cpp; sourceTree = SOURCE_ROOT; };
		3ec06dc33990374e7508e4ea9cf41d28 /* del_impl.cpp */ = {isa = PBXFileReference; explicitFileType = sourcecode.cpp.cpp; fileEncoding = 30; name = del_impl.cpp; path = ../../../addons/ofxBox2d/libs/triangle/del_impl.cpp; sourceTree = SOURCE_ROOT; };
		45eb42f8640cfcae47aa7e08ab94ffbd /* b2LineJoint.cpp */ = {isa = PBXFileReference; explicitFileType = sourcecode.cpp.cpp; fileEncoding = 30; name = b2LineJoint.cpp; path = ../../../addons/ofxBox2d/libs/Box2D/Dynamics/Joints/b2LineJoint.cpp; sourceTree = SOURCE_ROOT; };
		469610240a273862d8b39ce4df7f945b /* b2Shape.h */ = {isa = PBXFileReference; explicitFileType = sourcecode.c.h; fileEncoding = 30; name = b2Shape.h; path = ../../../addons/ofxBox2d/libs/Box2D/Collision/Shapes/b2Shape.h; sourceTree = SOURCE_ROOT; };
		4c1a083ac6f4f462ebc575655c1e2c66 /* b2CircleContact.cpp */ = {isa = PBXFileReference; explicitFileType = sourcecode.cpp.cpp; fileEncoding = 30; name = b2CircleContact.cpp; path = ../../../addons/ofxBox2d/libs/Box2D/Dynamics/Contacts/b2CircleContact.cpp; sourceTree = SOURCE_ROOT; };
		4c4c77963004e4a4d8ff1d00f9d88bb3 /* b2Joint.h */ = {isa = PBXFileReference; explicitFileType = sourcecode.c.h; fileEncoding = 30; name = b2Joint.h; path = ../../../addons/ofxBox2d/libs/Box2D/Dynamics/Joints/b2Joint.h; sourceTree = SOURCE_ROOT; };
		4edf97d9cfa957d48315b0a9054d1f78 /* dpoint.hpp */ = {isa = PBXFileReference; explicitFileType = sourcecode.c.h; fileEncoding = 30; name = dpoint.hpp; path = ../../../addons/ofxBox2d/libs/triangle/dpoint.hpp; sourceTree = SOURCE_ROOT; };
		502a47df926e78cb6a25b5375aa025b1 /* ofxBox2dContactListener.h */ = {isa = PBXFileReference; explicitFileType = sourcecode.c.h; fileEncoding = 30; name = ofxBox2dContactListener.h; path = ../../../addons/ofxBox2d/src/ofxBox2dContactListener.h; sourceTree = SOURCE_ROOT; };
		52c6b12e0d9664019ea67fa827999460 /* ofxBox2dRect.h */ = {isa = PBXFileReference; explicitFileType = sourcecode.c.h; fileEncoding = 30; name = ofxBox2dRect.h; path = ../../../addons/ofxBox2d/src/ofxBox2dRect.h; sourceTree = SOURCE_ROOT; };
		52fd632883052641c31c9444cbf7467f /* b2Settings.cpp */ = {isa = PBXFileReference; explicitFileType = sourcecode.cpp.cpp; fileEncoding = 30; name = b2Settings.cpp; path = ../../../addons/ofxBox2d/libs/Box2D/Common/b2Settings.cpp; sourceTree = SOURCE_ROOT; };
		5305dd16135abc25a2e96f03dd146007 /* b2WeldJoint.h */ = {isa = PBXFileReference; explicitFileType = sourcecode.c.h; fileEncoding = 30; name = b2WeldJoint.h; path = ../../../addons/ofxBox2d/libs/Box2D/Dynamics/Joints/b2WeldJoint.h; sourceTree = SOURCE_ROOT; };
		54772cef289ec0081eeeb3d13264c276 /* b2RevoluteJoint.h */ = {isa = PBXFileReference; explicitFileType = sourcecode.c.h; fileEncoding = 30; name = b2RevoluteJoint.h; path = ../../../addons/ofxBox2d/libs/Box2D/Dynamics/Joints/b2RevoluteJoint.h; sourceTree = SOURCE_ROOT; };
		561370923a365a4a9dc9fb8aa1c415d5 /* b2WorldCallbacks.cpp */ = {isa = PBXFileReference; explicitFileType = sourcecode.cpp.cpp; fileEncoding = 30; name = b2WorldCallbacks.cpp; path = ../../../addons/ofxBox2d/libs/Box2D/Dynamics/b2WorldCallbacks.cpp; sourceTree = SOURCE_ROOT; };
		5738a60d76f5b706cb90c16436b07bc4 /* b2DynamicTree.cpp */ = {isa = PBXFileReference; explicitFileType = sourcecode.cpp.cpp; fileEncoding = 30; name = b2DynamicTree.cpp; path = ../../../addons/ofxBox2d/libs/Box2D/Collision/b2DynamicTree.cpp; sourceTree = SOURCE_ROOT; };
		5c703fd5b2d1d10baee01bea61886b5c /* b2Island.cpp */ = {isa = PBXFileReference; explicitFileType = sourcecode.cpp.cpp; fileEncoding = 30; name = b2Island.cpp; path = ../../../addons/ofxBox2d/libs/Box2D/Dynamics/b2Island.cpp; sourceTree = SOURCE_ROOT; };
		61084035f9bad2e934415139ba2e6531 /* b2DynamicTree.h */ = {isa = PBXFileReference; explicitFileType = sourcecode.c.h; fileEncoding = 30; name = b2DynamicTree.h; path = ../../../addons/ofxBox2d/libs/Box2D/Collision/b2DynamicTree.h; sourceTree = SOURCE_ROOT; };
		61d086ee2a0e4d5226f2141217610a4b /* b2StackAllocator.h */ = {isa = PBXFileReference; explicitFileType = sourcecode.c.h; fileEncoding = 30; name = b2StackAllocator.h; path = ../../../addons/ofxBox2d/libs/Box2D/Common/b2StackAllocator.h; sourceTree = SOURCE_ROOT; };
		63a6de8917910ba8f1c7cc400b2ce128 /* Box2D.h */ = {isa = PBXFileReference; explicitFileType = sourcecode.c.h; fileEncoding = 30; name = Box2D.h; path = ../../../addons/ofxBox2d/libs/Box2D/Box2D.h; sourceTree = SOURCE_ROOT; };
		67e6103dc0f324faeb33e3f58bc31db3 /* b2Fixture.h */ = {isa = PBXFileReference; explicitFileType = sourcecode.c.h; fileEncoding = 30; name = b2Fixture.h; path = ../../../addons/ofxBox2d/libs/Box2D/Dynamics/b2Fixture.h; sourceTree = SOURCE_ROOT; };
		6af4a5b6c77e280668f06a769571d2d3 /* b2TOISolver.cpp */ = {isa = PBXFileReference; explicitFileType = sourcecode.cpp.cpp; fileEncoding = 30; name = b2TOISolver.cpp; path = ../../../addons/ofxBox2d/libs/Box2D/Dynamics/Contacts/b2TOISolver.cpp; sourceTree = SOURCE_ROOT; };
		6b0732f355e7243d81eab81c6dedc315 /* b2WorldCallbacks.h */ = {isa = PBXFileReference; explicitFileType = sourcecode.c.h; fileEncoding = 30; name = b2WorldCallbacks.h; path = ../../../addons/ofxBox2d/libs/Box2D/Dynamics/b2WorldCallbacks.h; sourceTree = SOURCE_ROOT; };
		6b991c1bae4d8067bf37e903a4dfee56 /* ofxBox2dRender.h */ = {isa = PBXFileReference; explicitFileType = sourcecode.c.h; fileEncoding = 30; name = ofxBox2dRender.h; path = ../../../addons/ofxBox2d/src/ofxBox2dRender.h; sourceTree = SOURCE_ROOT; };
		6c380b1dfe0e88a4f86b7a0c27e82e11 /* b2Collision.h */ = {isa = PBXFileReference; explicitFileType = sourcecode.c.h; fileEncoding = 30; name = b2Collision.h; path = ../../../addons/ofxBox2d/libs/Box2D/Collision/b2Collision.h; sourceTree = SOURCE_ROOT; };
		722c442e9d47334908c97a1326c5db86 /* ofxBox2dCircle.cpp */ = {isa = PBXFileReference; explicitFileType = sourcecode.cpp.cpp; fileEncoding = 30; name = ofxBox2dCircle.cpp; path = ../../../addons/ofxBox2d/src/ofxBox2dCircle.cpp; sourceTree = SOURCE_ROOT; };
		72d68efe6b068991551c750daa6a0171 /* b2TimeOfImpact.cpp */ = {isa = PBXFileReference; explicitFileType = sourcecode.cpp.cpp; fileEncoding = 30; name = b2TimeOfImpact.cpp; path = ../../../addons/ofxBox2d/libs/Box2D/Collision/b2TimeOfImpact.cpp; sourceTree = SOURCE_ROOT; };
		7414da8ee4de1570c05c5ca842cd585e /* b2CircleShape.cpp */ = {isa = PBXFileReference; explicitFileType = sourcecode.cpp.cpp; fileEncoding = 30; name = b2CircleShape.cpp; path = ../../../addons/ofxBox2d/libs/Box2D/Collision/Shapes/b2CircleShape.cpp; sourceTree = SOURCE_ROOT; };
		7456407a3e8bff75fe8bd142a0c610ba /* triangle.h */ = {isa = PBXFileReference; explicitFileType = sourcecode.c.h; fileEncoding = 30; name = triangle.h; path = ../../../addons/ofxBox2d/libs/triangle/triangle.h; sourceTree = SOURCE_ROOT; };
		768df885ce87a7bb30033f543af1e226 /* ofxBox2dBaseShape.h */ = {isa = PBXFileReference; explicitFileType = sourcecode.c.h; fileEncoding = 30; name = ofxBox2dBaseShape.h; path = ../../../addons/ofxBox2d/src/ofxBox2dBaseShape.h; sourceTree = SOURCE_ROOT; };
		774ddd1b3f05d3fdf0d37794ec73b989 /* b2Fixture.cpp */ = {isa = PBXFileReference; explicitFileType = sourcecode.cpp.cpp; fileEncoding = 30; name = b2Fixture.cpp; path = ../../../addons/ofxBox2d/libs/Box2D/Dynamics/b2Fixture.cpp; sourceTree = SOURCE_ROOT; };
		77650c5d323b6d9fea7fd152a270a9de /* ofxBox2dJoint.h */ = {isa = PBXFileReference; explicitFileType = sourcecode.c.h; fileEncoding = 30; name = ofxBox2dJoint.h; path = ../../../addons/ofxBox2d/src/ofxBox2dJoint.h; sourceTree = SOURCE_ROOT; };
		791ffdea82926354cf92141d0941f3b5 /* ofxBox2dPolygonUtils.h */ = {isa = PBXFileReference; explicitFileType = sourcecode.c.h; fileEncoding = 30; name = ofxBox2dPolygonUtils.h; path = ../../../addons/ofxBox2d/src/ofxBox2dPolygonUtils.h; sourceTree = SOURCE_ROOT; };
		804b4f86c3daa1e51794d893c353798b /* b2PolygonAndCircleContact.cpp */ = {isa = PBXFileReference; explicitFileType = sourcecode.cpp.cpp; fileEncoding = 30; name = b2PolygonAndCircleContact.cpp; path = ../../../addons/ofxBox2d/libs/Box2D/Dynamics/Contacts/b2PolygonAndCircleContact.cpp; sourceTree = SOURCE_ROOT; };
		80c3ade6f054d328a726b4c6ddd4882a /* b2Island.h */ = {isa = PBXFileReference; explicitFileType = sourcecode.c.h; fileEncoding = 30; name = b2Island.h; path = ../../../addons/ofxBox2d/libs/Box2D/Dynamics/b2Island.h; sourceTree = SOURCE_ROOT; };
		84b1b4a3e366385f8eeecd619dfefd0b /* b2WeldJoint.cpp */ = {isa = PBXFileReference; explicitFileType = sourcecode.cpp.cpp; fileEncoding = 30; name = b2WeldJoint.cpp; path = ../../../addons/ofxBox2d/libs/Box2D/Dynamics/Joints/b2WeldJoint.cpp; sourceTree = SOURCE_ROOT; };
		876f1723abbbeb3bfeb3c4e4abd0b796 /* b2Settings.h */ = {isa = PBXFileReference; explicitFileType = sourcecode.c.h; fileEncoding = 30; name = b2Settings.h; path = ../../../addons/ofxBox2d/libs/Box2D/Common/b2Settings.h; sourceTree = SOURCE_ROOT; };
		8777f9f0d1401f085bfc00b59c5edf33 /* b2PolygonAndCircleContact.h */ = {isa = PBXFileReference; explicitFileType = sourcecode.c.h; fileEncoding = 30; name = b2PolygonAndCircleContact.h; path = ../../../addons/ofxBox2d/libs/Box2D/Dynamics/Contacts/b2PolygonAndCircleContact.h; sourceTree = SOURCE_ROOT; };
		87c1e2a2cc108c32b0d02b08325ee180 /* b2DistanceJoint.cpp */ = {isa = PBXFileReference; explicitFileType = sourcecode.cpp.cpp; fileEncoding = 30; name = b2DistanceJoint.cpp; path = ../../../addons/ofxBox2d/libs/Box2D/Dynamics/Joints/b2DistanceJoint.cpp; sourceTree = SOURCE_ROOT; };
		8c78f1bc97d419a7c064143d1570d188 /* b2CircleShape.h */ = {isa = PBXFileReference; explicitFileType = sourcecode.c.h; fileEncoding = 30; name = b2CircleShape.h; path = ../../../addons/ofxBox2d/libs/Box2D/Collision/Shapes/b2CircleShape.h; sourceTree = SOURCE_ROOT; };
		8d1fc15f5941283f4a9e70d333118bf8 /* b2PrismaticJoint.h */ = {isa = PBXFileReference; explicitFileType = sourcecode.c.h; fileEncoding = 30; name = b2PrismaticJoint.h; path = ../../../addons/ofxBox2d/libs/Box2D/Dynamics/Joints/b2PrismaticJoint.h; sourceTree = SOURCE_ROOT; };
		920cfc6d7e43eed2b7b03746cc1dde5f /* b2StackAllocator.cpp */ = {isa = PBXFileReference; explicitFileType = sourcecode.cpp.cpp; fileEncoding = 30; name = b2StackAllocator.cpp; path = ../../../addons/ofxBox2d/libs/Box2D/Common/b2StackAllocator.cpp; sourceTree = SOURCE_ROOT; };
		930eb8baaa6a962411ec197db54eb10b /* b2GearJoint.cpp */ = {isa = PBXFileReference; explicitFileType = sourcecode.cpp.cpp; fileEncoding = 30; name = b2GearJoint.cpp; path = ../../../addons/ofxBox2d/libs/Box2D/Dynamics/Joints/b2GearJoint.cpp; sourceTree = SOURCE_ROOT; };
		94ab35643f3480ec84c829a721e00bf7 /* b2Distance.h */ = {isa = PBXFileReference; explicitFileType = sourcecode.c.h; fileEncoding = 30; name = b2Distance.h; path = ../../../addons/ofxBox2d/libs/Box2D/Collision/b2Distance.h; sourceTree = SOURCE_ROOT; };
		98d5d066dcdbddfa9d043faeade37321 /* b2BlockAllocator.h */ = {isa = PBXFileReference; explicitFileType = sourcecode.c.h; fileEncoding = 30; name = b2BlockAllocator.h; path = ../../../addons/ofxBox2d/libs/Box2D/Common/b2BlockAllocator.h; sourceTree = SOURCE_ROOT; };
		993abed49fec53956339bb6c338ca02f /* del_interface.hpp */ = {isa = PBXFileReference; explicitFileType = sourcecode.c.h; fileEncoding = 30; name = del_interface.hpp; path = ../../../addons/ofxBox2d/libs/triangle/del_interface.hpp; sourceTree = SOURCE_ROOT; };
		993da2bf507b037b97e6fa1653830b15 /* b2PolygonContact.cpp */ = {isa = PBXFileReference; explicitFileType = sourcecode.cpp.cpp; fileEncoding = 30; name = b2PolygonContact.cpp; path = ../../../addons/ofxBox2d/libs/Box2D/Dynamics/Contacts/b2PolygonContact.cpp; sourceTree = SOURCE_ROOT; };
		9e4379c040a2c0896393eeab94079191 /* b2CollidePolygon.cpp */ = {isa = PBXFileReference; explicitFileType = sourcecode.cpp.cpp; fileEncoding = 30; name = b2CollidePolygon.cpp; path = ../../../addons/ofxBox2d/libs/Box2D/Collision/b2CollidePolygon.cpp; sourceTree = SOURCE_ROOT; };
		BBAB23BE13894E4700AA2426 /* GLUT.framework */ = {isa = PBXFileReference; lastKnownFileType = wrapper.framework; name = GLUT.framework; path = ../../../libs/glut/lib/osx/GLUT.framework; sourceTree = "<group>"; };
		E4328143138ABC890047C5CB /* openFrameworksLib.xcodeproj */ = {isa = PBXFileReference; lastKnownFileType = "wrapper.pb-project"; name = openFrameworksLib.xcodeproj; path = ../../../libs/openFrameworksCompiled/project/osx/openFrameworksLib.xcodeproj; sourceTree = SOURCE_ROOT; };
		E45BE9710E8CC7DD009D7055 /* AGL.framework */ = {isa = PBXFileReference; lastKnownFileType = wrapper.framework; name = AGL.framework; path = /System/Library/Frameworks/AGL.framework; sourceTree = "<absolute>"; };
		E45BE9720E8CC7DD009D7055 /* ApplicationServices.framework */ = {isa = PBXFileReference; lastKnownFileType = wrapper.framework; name = ApplicationServices.framework; path = /System/Library/Frameworks/ApplicationServices.framework; sourceTree = "<absolute>"; };
		E45BE9730E8CC7DD009D7055 /* AudioToolbox.framework */ = {isa = PBXFileReference; lastKnownFileType = wrapper.framework; name = AudioToolbox.framework; path = /System/Library/Frameworks/AudioToolbox.framework; sourceTree = "<absolute>"; };
		E45BE9740E8CC7DD009D7055 /* Carbon.framework */ = {isa = PBXFileReference; lastKnownFileType = wrapper.framework; name = Carbon.framework; path = /System/Library/Frameworks/Carbon.framework; sourceTree = "<absolute>"; };
		E45BE9750E8CC7DD009D7055 /* CoreAudio.framework */ = {isa = PBXFileReference; lastKnownFileType = wrapper.framework; name = CoreAudio.framework; path = /System/Library/Frameworks/CoreAudio.framework; sourceTree = "<absolute>"; };
		E45BE9760E8CC7DD009D7055 /* CoreFoundation.framework */ = {isa = PBXFileReference; lastKnownFileType = wrapper.framework; name = CoreFoundation.framework; path = /System/Library/Frameworks/CoreFoundation.framework; sourceTree = "<absolute>"; };
		E45BE9770E8CC7DD009D7055 /* CoreServices.framework */ = {isa = PBXFileReference; lastKnownFileType = wrapper.framework; name = CoreServices.framework; path = /System/Library/Frameworks/CoreServices.framework; sourceTree = "<absolute>"; };
		E45BE9790E8CC7DD009D7055 /* OpenGL.framework */ = {isa = PBXFileReference; lastKnownFileType = wrapper.framework; name = OpenGL.framework; path = /System/Library/Frameworks/OpenGL.framework; sourceTree = "<absolute>"; };
		E45BE97A0E8CC7DD009D7055 /* QuickTime.framework */ = {isa = PBXFileReference; lastKnownFileType = wrapper.framework; name = QuickTime.framework; path = /System/Library/Frameworks/QuickTime.framework; sourceTree = "<absolute>"; };
		E4B69B5B0A3A1756003C02F2 /* example-BodiesDebug.app */ = {isa = PBXFileReference; explicitFileType = wrapper.application; includeInIndex = 0; path = "example-BodiesDebug.app"; sourceTree = BUILT_PRODUCTS_DIR; };
		E4B69E1D0A3A1BDC003C02F2 /* main.cpp */ = {isa = PBXFileReference; fileEncoding = 30; lastKnownFileType = sourcecode.cpp.cpp; name = main.cpp; path = src/main.cpp; sourceTree = SOURCE_ROOT; };
		E4B69E1E0A3A1BDC003C02F2 /* testApp.cpp */ = {isa = PBXFileReference; explicitFileType = sourcecode.cpp.cpp; fileEncoding = 30; name = testApp.cpp; path = src/testApp.cpp; sourceTree = SOURCE_ROOT; };
		E4B69E1F0A3A1BDC003C02F2 /* testApp.h */ = {isa = PBXFileReference; fileEncoding = 30; lastKnownFileType = sourcecode.c.h; name = testApp.h; path = src/testApp.h; sourceTree = SOURCE_ROOT; };
		E4B6FCAD0C3E899E008CF71C /* openFrameworks-Info.plist */ = {isa = PBXFileReference; fileEncoding = 30; lastKnownFileType = text.plist.xml; path = "openFrameworks-Info.plist"; sourceTree = "<group>"; };
		E4C2424410CC5A17004149E2 /* AppKit.framework */ = {isa = PBXFileReference; lastKnownFileType = wrapper.framework; name = AppKit.framework; path = /System/Library/Frameworks/AppKit.framework; sourceTree = "<absolute>"; };
		E4C2424510CC5A17004149E2 /* Cocoa.framework */ = {isa = PBXFileReference; lastKnownFileType = wrapper.framework; name = Cocoa.framework; path = /System/Library/Frameworks/Cocoa.framework; sourceTree = "<absolute>"; };
		E4C2424610CC5A17004149E2 /* IOKit.framework */ = {isa = PBXFileReference; lastKnownFileType = wrapper.framework; name = IOKit.framework; path = /System/Library/Frameworks/IOKit.framework; sourceTree = "<absolute>"; };
		E4EB691F138AFCF100A09F29 /* CoreOF.xcconfig */ = {isa = PBXFileReference; fileEncoding = 4; lastKnownFileType = text.xcconfig; name = CoreOF.xcconfig; path = ../../../libs/openFrameworksCompiled/project/osx/CoreOF.xcconfig; sourceTree = SOURCE_ROOT; };
		E4EB6923138AFD0F00A09F29 /* Project.xcconfig */ = {isa = PBXFileReference; fileEncoding = 4; lastKnownFileType = text.xcconfig; path = Project.xcconfig; sourceTree = "<group>"; };
		a296623a714c9f8edb4bca26d13eafef /* b2Body.cpp */ = {isa = PBXFileReference; explicitFileType = sourcecode.cpp.cpp; fileEncoding = 30; name = b2Body.cpp; path = ../../../addons/ofxBox2d/libs/Box2D/Dynamics/b2Body.cpp; sourceTree = SOURCE_ROOT; };
		a50d78022165a0491d5bacde9a09e83b /* ofxBox2dJoint.cpp */ = {isa = PBXFileReference; explicitFileType = sourcecode.cpp.cpp; fileEncoding = 30; name = ofxBox2dJoint.cpp; path = ../../../addons/ofxBox2d/src/ofxBox2dJoint.cpp; sourceTree = SOURCE_ROOT; };
		a53d126faa18a596595c0c6f393033d2 /* b2Math.h */ = {isa = PBXFileReference; explicitFileType = sourcecode.c.h; fileEncoding = 30; name = b2Math.h; path = ../../../addons/ofxBox2d/libs/Box2D/Common/b2Math.h; sourceTree = SOURCE_ROOT; };
		a69b169f3de469a29debd8a41d66d358 /* b2MouseJoint.h */ = {isa = PBXFileReference; explicitFileType = sourcecode.c.h; fileEncoding = 30; name = b2MouseJoint.h; path = ../../../addons/ofxBox2d/libs/Box2D/Dynamics/Joints/b2MouseJoint.h; sourceTree = SOURCE_ROOT; };
		a76d962905d0ba4de02320a5954b5369 /* b2BlockAllocator.cpp */ = {isa = PBXFileReference; explicitFileType = sourcecode.cpp.cpp; fileEncoding = 30; name = b2BlockAllocator.cpp; path = ../../../addons/ofxBox2d/libs/Box2D/Common/b2BlockAllocator.cpp; sourceTree = SOURCE_ROOT; };
		b75d46d6b41e78df2b519a18ea6220ed /* b2BroadPhase.cpp */ = {isa = PBXFileReference; explicitFileType = sourcecode.cpp.cpp; fileEncoding = 30; name = b2BroadPhase.cpp; path = ../../../addons/ofxBox2d/libs/Box2D/Collision/b2BroadPhase.cpp; sourceTree = SOURCE_ROOT; };
		b98365814a7d1eb1159378d18523a01c /* b2TOISolver.h */ = {isa = PBXFileReference; explicitFileType = sourcecode.c.h; fileEncoding = 30; name = b2TOISolver.h; path = ../../../addons/ofxBox2d/libs/Box2D/Dynamics/Contacts/b2TOISolver.h; sourceTree = SOURCE_ROOT; };
		bbca857da9c5f92bf720a6c8461c0c07 /* b2Contact.cpp */ = {isa = PBXFileReference; explicitFileType = sourcecode.cpp.cpp; fileEncoding = 30; name = b2Contact.cpp; path = ../../../addons/ofxBox2d/libs/Box2D/Dynamics/Contacts/b2Contact.cpp; sourceTree = SOURCE_ROOT; };
		bccd69f7be28da5483cc6db59fca798a /* b2World.cpp */ = {isa = PBXFileReference; explicitFileType = sourcecode.cpp.cpp; fileEncoding = 30; name = b2World.cpp; path = ../../../addons/ofxBox2d/libs/Box2D/Dynamics/b2World.cpp; sourceTree = SOURCE_ROOT; };
		c0d30bc2db9b439ead5ee77788af93da /* assert.hpp */ = {isa = PBXFileReference; explicitFileType = sourcecode.c.h; fileEncoding = 30; name = assert.hpp; path = ../../../addons/ofxBox2d/libs/triangle/assert.hpp; sourceTree = SOURCE_ROOT; };
		c2613e67c51fde6f55873e38ed6e52f0 /* ofxBox2dRect.cpp */ = {isa = PBXFileReference; explicitFileType = sourcecode.cpp.cpp; fileEncoding = 30; name = ofxBox2dRect.cpp; path = ../../../addons/ofxBox2d/src/ofxBox2dRect.cpp; sourceTree = SOURCE_ROOT; };
		c5ba6f0b85a67fe0d5e8b7581c259782 /* b2Body.h */ = {isa = PBXFileReference; explicitFileType = sourcecode.c.h; fileEncoding = 30; name = b2Body.h; path = ../../../addons/ofxBox2d/libs/Box2D/Dynamics/b2Body.h; sourceTree = SOURCE_ROOT; };
		c98dfd9c0143227ae69e956910445f06 /* b2ContactSolver.h */ = {isa = PBXFileReference; explicitFileType = sourcecode.c.h; fileEncoding = 30; name = b2ContactSolver.h; path = ../../../addons/ofxBox2d/libs/Box2D/Dynamics/Contacts/b2ContactSolver.h; sourceTree = SOURCE_ROOT; };
		cbf31cb9622e9c4c7cf08c2f77918eaf /* b2CircleContact.h */ = {isa = PBXFileReference; explicitFileType = sourcecode.c.h; fileEncoding = 30; name = b2CircleContact.h; path = ../../../addons/ofxBox2d/libs/Box2D/Dynamics/Contacts/b2CircleContact.h; sourceTree = SOURCE_ROOT; };
		cc3fcae32b28b52708484dc5d6cfcbb1 /* b2PolygonShape.cpp */ = {isa = PBXFileReference; explicitFileType = sourcecode.cpp.cpp; fileEncoding = 30; name = b2PolygonShape.cpp; path = ../../../addons/ofxBox2d/libs/Box2D/Collision/Shapes/b2PolygonShape.cpp; sourceTree = SOURCE_ROOT; };
		ccdf34cee86aeaf972b25458d27d09f0 /* b2ContactManager.h */ = {isa = PBXFileReference; explicitFileType = sourcecode.c.h; fileEncoding = 30; name = b2ContactManager.h; path = ../../../addons/ofxBox2d/libs/Box2D/Dynamics/b2ContactManager.h; sourceTree = SOURCE_ROOT; };
		cdae5c35d5c2894a51376a834feec528 /* b2TimeOfImpact.h */ = {isa = PBXFileReference; explicitFileType = sourcecode.c.h; fileEncoding = 30; name = b2TimeOfImpact.h; path = ../../../addons/ofxBox2d/libs/Box2D/Collision/b2TimeOfImpact.h; sourceTree = SOURCE_ROOT; };
		d1c4e6ba769718a192765c07d49a7102 /* b2BroadPhase.h */ = {isa = PBXFileReference; explicitFileType = sourcecode.c.h; fileEncoding = 30; name = b2BroadPhase.h; path = ../../../addons/ofxBox2d/libs/Box2D/Collision/b2BroadPhase.h; sourceTree = SOURCE_ROOT; };
		d307392f3f50e30959e20ebaaedef3c2 /* b2MouseJoint.cpp */ = {isa = PBXFileReference; explicitFileType = sourcecode.cpp.cpp; fileEncoding = 30; name = b2MouseJoint.cpp; path = ../../../addons/ofxBox2d/libs/Box2D/Dynamics/Joints/b2MouseJoint.cpp; sourceTree = SOURCE_ROOT; };
		d469947df4b5b02b7f0a11df69a5ceca /* triangle_impl.hpp */ = {isa = PBXFileReference; explicitFileType = sourcecode.c.h; fileEncoding = 30; name = triangle_impl.hpp; path = ../../../addons/ofxBox2d/libs/triangle/triangle_impl.hpp; sourceTree = SOURCE_ROOT; };
		dc5362a0623314d21a9fd849238758cf /* b2DistanceJoint.h */ = {isa = PBXFileReference; explicitFileType = sourcecode.c.h; fileEncoding = 30; name = b2DistanceJoint.h; path = ../../../addons/ofxBox2d/libs/Box2D/Dynamics/Joints/b2DistanceJoint.h; sourceTree = SOURCE_ROOT; };
		deed18744d2e82c919d7d1524223a797 /* b2PulleyJoint.cpp */ = {isa = PBXFileReference; explicitFileType = sourcecode.cpp.cpp; fileEncoding = 30; name = b2PulleyJoint.cpp; path = ../../../addons/ofxBox2d/libs/Box2D/Dynamics/Joints/b2PulleyJoint.cpp; sourceTree = SOURCE_ROOT; };
		e4af3f64cac776d23849712f960cf972 /* ofxBox2dPolygon.h */ = {isa = PBXFileReference; explicitFileType = sourcecode.c.h; fileEncoding = 30; name = ofxBox2dPolygon.h; path = ../../../addons/ofxBox2d/src/ofxBox2dPolygon.h; sourceTree = SOURCE_ROOT; };
		e5922cf5578d5431f2ab941d1d16a7a0 /* b2CollideCircle.cpp */ = {isa = PBXFileReference; explicitFileType = sourcecode.cpp.cpp; fileEncoding = 30; name = b2CollideCircle.cpp; path = ../../../addons/ofxBox2d/libs/Box2D/Collision/b2CollideCircle.cpp; sourceTree = SOURCE_ROOT; };
		e5eda9377c57a979e49c6c137b007997 /* b2PulleyJoint.h */ = {isa = PBXFileReference; explicitFileType = sourcecode.c.h; fileEncoding = 30; name = b2PulleyJoint.h; path = ../../../addons/ofxBox2d/libs/Box2D/Dynamics/Joints/b2PulleyJoint.h; sourceTree = SOURCE_ROOT; };
		e83dbe901c4b79b39c15dc4657fcbe23 /* b2Distance.cpp */ = {isa = PBXFileReference; explicitFileType = sourcecode.cpp.cpp; fileEncoding = 30; name = b2Distance.cpp; path = ../../../addons/ofxBox2d/libs/Box2D/Collision/b2Distance.cpp; sourceTree = SOURCE_ROOT; };
		eac7229cc8fef0087c9482f125e5e75c /* b2PrismaticJoint.cpp */ = {isa = PBXFileReference; explicitFileType = sourcecode.cpp.cpp; fileEncoding = 30; name = b2PrismaticJoint.cpp; path = ../../../addons/ofxBox2d/libs/Box2D/Dynamics/Joints/b2PrismaticJoint.cpp; sourceTree = SOURCE_ROOT; };
		eea3960032df0a093cee699048c3fc3d /* b2World.h */ = {isa = PBXFileReference; explicitFileType = sourcecode.c.h; fileEncoding = 30; name = b2World.h; path = ../../../addons/ofxBox2d/libs/Box2D/Dynamics/b2World.h; sourceTree = SOURCE_ROOT; };
		f0470d1543962fec83bb4973548f6d2a /* b2ContactSolver.cpp */ = {isa = PBXFileReference; explicitFileType = sourcecode.cpp.cpp; fileEncoding = 30; name = b2ContactSolver.cpp; path = ../../../addons/ofxBox2d/libs/Box2D/Dynamics/Contacts/b2ContactSolver.cpp; sourceTree = SOURCE_ROOT; };
		f23a5411f24089d7577898a9f6b0b902 /* b2Joint.cpp */ = {isa = PBXFileReference; explicitFileType = sourcecode.cpp.cpp; fileEncoding = 30; name = b2Joint.cpp; path = ../../../addons/ofxBox2d/libs/Box2D/Dynamics/Joints/b2Joint.cpp; sourceTree = SOURCE_ROOT; };
		f3392d405a715a07dcc8fac21d1cac32 /* ofxBox2dPolygon.cpp */ = {isa = PBXFileReference; explicitFileType = sourcecode.cpp.cpp; fileEncoding = 30; name = ofxBox2dPolygon.cpp; path = ../../../addons/ofxBox2d/src/ofxBox2dPolygon.cpp; sourceTree = SOURCE_ROOT; };
		f4b51e6f303e7cff1c9150fac5480e98 /* b2FrictionJoint.cpp */ = {isa = PBXFileReference; explicitFileType = sourcecode.cpp.cpp; fileEncoding = 30; name = b2FrictionJoint.cpp; path = ../../../addons/ofxBox2d/libs/Box2D/Dynamics/Joints/b2FrictionJoint.cpp; sourceTree = SOURCE_ROOT; };
		f672ebfcb4887c08bbb23527c897a3ac /* b2Math.cpp */ = {isa = PBXFileReference; explicitFileType = sourcecode.cpp.cpp; fileEncoding = 30; name = b2Math.cpp; path = ../../../addons/ofxBox2d/libs/Box2D/Common/b2Math.cpp; sourceTree = SOURCE_ROOT; };
		f7d2102660e69cda6d15b64a01767ca3 /* ofxBox2d.h */ = {isa = PBXFileReference; explicitFileType = sourcecode.c.h; fileEncoding = 30; name = ofxBox2d.h; path = ../../../addons/ofxBox2d/src/ofxBox2d.h; sourceTree = SOURCE_ROOT; };
		fa784162b6a8e3a77bbe4d6cc2a8e30f /* b2TimeStep.h */ = {isa = PBXFileReference; explicitFileType = sourcecode.c.h; fileEncoding = 30; name = b2TimeStep.h; path = ../../../addons/ofxBox2d/libs/Box2D/Dynamics/b2TimeStep.h; sourceTree = SOURCE_ROOT; };
/* End PBXFileReference section */

/* Begin PBXFrameworksBuildPhase section */
		E4B69B590A3A1756003C02F2 /* Frameworks */ = {
			isa = PBXFrameworksBuildPhase;
			buildActionMask = 2147483647;
			files = (
				E4EB6799138ADC1D00A09F29 /* GLUT.framework in Frameworks */,
				E4328149138ABC9F0047C5CB /* openFrameworksDebug.a in Frameworks */,
				E45BE97B0E8CC7DD009D7055 /* AGL.framework in Frameworks */,
				E45BE97C0E8CC7DD009D7055 /* ApplicationServices.framework in Frameworks */,
				E45BE97D0E8CC7DD009D7055 /* AudioToolbox.framework in Frameworks */,
				E45BE97E0E8CC7DD009D7055 /* Carbon.framework in Frameworks */,
				E45BE97F0E8CC7DD009D7055 /* CoreAudio.framework in Frameworks */,
				E45BE9800E8CC7DD009D7055 /* CoreFoundation.framework in Frameworks */,
				E45BE9810E8CC7DD009D7055 /* CoreServices.framework in Frameworks */,
				E45BE9830E8CC7DD009D7055 /* OpenGL.framework in Frameworks */,
				E45BE9840E8CC7DD009D7055 /* QuickTime.framework in Frameworks */,
				E4C2424710CC5A17004149E2 /* AppKit.framework in Frameworks */,
				E4C2424810CC5A17004149E2 /* Cocoa.framework in Frameworks */,
				E4C2424910CC5A17004149E2 /* IOKit.framework in Frameworks */,
			);
			runOnlyForDeploymentPostprocessing = 0;
		};
/* End PBXFrameworksBuildPhase section */

/* Begin PBXGroup section */
		0be7e79ec87a4756e55789fb8550e559 /* Box2D */ = {
			isa = PBXGroup;
			children = (
				63a6de8917910ba8f1c7cc400b2ce128 /* Box2D.h */,
				5f73569ecab65ff89185c25443827f82 /* Collision */,
				e964bc1ac23ebd6ada41da1af0093aba /* Common */,
				b950fbf3ae43d9ee9bc61ff53e244b11 /* Dynamics */,
			);
			name = Box2D;
			sourceTree = "<group>";
		};
		5492a1491d9e6e88ebb3be2b497a1258 /* src */ = {
			isa = PBXGroup;
			children = (
				229cb9c8af92d3460f8d554a37edef1a /* ofxBox2d.cpp */,
				f7d2102660e69cda6d15b64a01767ca3 /* ofxBox2d.h */,
				3b2388bee23f8a1dd0aadbc6a898cc3c /* ofxBox2dBaseShape.cpp */,
				768df885ce87a7bb30033f543af1e226 /* ofxBox2dBaseShape.h */,
				722c442e9d47334908c97a1326c5db86 /* ofxBox2dCircle.cpp */,
				00e4168327b058f211d9776c524ae891 /* ofxBox2dCircle.h */,
				502a47df926e78cb6a25b5375aa025b1 /* ofxBox2dContactListener.h */,
				a50d78022165a0491d5bacde9a09e83b /* ofxBox2dJoint.cpp */,
				77650c5d323b6d9fea7fd152a270a9de /* ofxBox2dJoint.h */,
				f3392d405a715a07dcc8fac21d1cac32 /* ofxBox2dPolygon.cpp */,
				e4af3f64cac776d23849712f960cf972 /* ofxBox2dPolygon.h */,
				791ffdea82926354cf92141d0941f3b5 /* ofxBox2dPolygonUtils.h */,
				c2613e67c51fde6f55873e38ed6e52f0 /* ofxBox2dRect.cpp */,
				52c6b12e0d9664019ea67fa827999460 /* ofxBox2dRect.h */,
				6b991c1bae4d8067bf37e903a4dfee56 /* ofxBox2dRender.h */,
				3c9685d59f4d73a3593def838be37d1f /* ofxBox2dUtils.h */,
			);
			name = src;
			sourceTree = "<group>";
		};
		5f73569ecab65ff89185c25443827f82 /* Collision */ = {
			isa = PBXGroup;
			children = (
				b75d46d6b41e78df2b519a18ea6220ed /* b2BroadPhase.cpp */,
				d1c4e6ba769718a192765c07d49a7102 /* b2BroadPhase.h */,
				e5922cf5578d5431f2ab941d1d16a7a0 /* b2CollideCircle.cpp */,
				9e4379c040a2c0896393eeab94079191 /* b2CollidePolygon.cpp */,
				076e021c881963ff378f36ad42d37173 /* b2Collision.cpp */,
				6c380b1dfe0e88a4f86b7a0c27e82e11 /* b2Collision.h */,
				e83dbe901c4b79b39c15dc4657fcbe23 /* b2Distance.cpp */,
				94ab35643f3480ec84c829a721e00bf7 /* b2Distance.h */,
				5738a60d76f5b706cb90c16436b07bc4 /* b2DynamicTree.cpp */,
				61084035f9bad2e934415139ba2e6531 /* b2DynamicTree.h */,
				72d68efe6b068991551c750daa6a0171 /* b2TimeOfImpact.cpp */,
				cdae5c35d5c2894a51376a834feec528 /* b2TimeOfImpact.h */,
				78c1ace5912926bacb499bb46c1a7e6d /* Shapes */,
			);
			name = Collision;
			sourceTree = "<group>";
		};
		78c1ace5912926bacb499bb46c1a7e6d /* Shapes */ = {
			isa = PBXGroup;
			children = (
				7414da8ee4de1570c05c5ca842cd585e /* b2CircleShape.cpp */,
				8c78f1bc97d419a7c064143d1570d188 /* b2CircleShape.h */,
				cc3fcae32b28b52708484dc5d6cfcbb1 /* b2PolygonShape.cpp */,
				1d96594eb6bce7c4a6758e77b4799a32 /* b2PolygonShape.h */,
				469610240a273862d8b39ce4df7f945b /* b2Shape.h */,
			);
			name = Shapes;
			sourceTree = "<group>";
		};
		81321c92de6995f7da246d1711481390 /* Joints */ = {
			isa = PBXGroup;
			children = (
				87c1e2a2cc108c32b0d02b08325ee180 /* b2DistanceJoint.cpp */,
				dc5362a0623314d21a9fd849238758cf /* b2DistanceJoint.h */,
				f4b51e6f303e7cff1c9150fac5480e98 /* b2FrictionJoint.cpp */,
				17177733c8ab60d9ddde9850062e8032 /* b2FrictionJoint.h */,
				930eb8baaa6a962411ec197db54eb10b /* b2GearJoint.cpp */,
				209bcef79f286c9203801938d30b0fc5 /* b2GearJoint.h */,
				f23a5411f24089d7577898a9f6b0b902 /* b2Joint.cpp */,
				4c4c77963004e4a4d8ff1d00f9d88bb3 /* b2Joint.h */,
				45eb42f8640cfcae47aa7e08ab94ffbd /* b2LineJoint.cpp */,
				12f31e0f876a69d39fefae133dade61a /* b2LineJoint.h */,
				d307392f3f50e30959e20ebaaedef3c2 /* b2MouseJoint.cpp */,
				a69b169f3de469a29debd8a41d66d358 /* b2MouseJoint.h */,
				eac7229cc8fef0087c9482f125e5e75c /* b2PrismaticJoint.cpp */,
				8d1fc15f5941283f4a9e70d333118bf8 /* b2PrismaticJoint.h */,
				deed18744d2e82c919d7d1524223a797 /* b2PulleyJoint.cpp */,
				e5eda9377c57a979e49c6c137b007997 /* b2PulleyJoint.h */,
				3d48fa57f2101b998aff455cd1d58288 /* b2RevoluteJoint.cpp */,
				54772cef289ec0081eeeb3d13264c276 /* b2RevoluteJoint.h */,
				84b1b4a3e366385f8eeecd619dfefd0b /* b2WeldJoint.cpp */,
				5305dd16135abc25a2e96f03dd146007 /* b2WeldJoint.h */,
			);
			name = Joints;
			sourceTree = "<group>";
		};
		9618c0a0c8712e53cedb090cd5c3f89b /* Contacts */ = {
			isa = PBXGroup;
			children = (
				4c1a083ac6f4f462ebc575655c1e2c66 /* b2CircleContact.cpp */,
				cbf31cb9622e9c4c7cf08c2f77918eaf /* b2CircleContact.h */,
				bbca857da9c5f92bf720a6c8461c0c07 /* b2Contact.cpp */,
				050eba25c966baeae35064687b3a25f3 /* b2Contact.h */,
				f0470d1543962fec83bb4973548f6d2a /* b2ContactSolver.cpp */,
				c98dfd9c0143227ae69e956910445f06 /* b2ContactSolver.h */,
				804b4f86c3daa1e51794d893c353798b /* b2PolygonAndCircleContact.cpp */,
				8777f9f0d1401f085bfc00b59c5edf33 /* b2PolygonAndCircleContact.h */,
				993da2bf507b037b97e6fa1653830b15 /* b2PolygonContact.cpp */,
				2ed05f6d627b4e70fa2e76782fac15bc /* b2PolygonContact.h */,
				6af4a5b6c77e280668f06a769571d2d3 /* b2TOISolver.cpp */,
				b98365814a7d1eb1159378d18523a01c /* b2TOISolver.h */,
			);
			name = Contacts;
			sourceTree = "<group>";
		};
		996b4d5c136f618539a2c28df10937a2 /* triangle */ = {
			isa = PBXGroup;
			children = (
				c0d30bc2db9b439ead5ee77788af93da /* assert.hpp */,
				3ec06dc33990374e7508e4ea9cf41d28 /* del_impl.cpp */,
				993abed49fec53956339bb6c338ca02f /* del_interface.hpp */,
				4edf97d9cfa957d48315b0a9054d1f78 /* dpoint.hpp */,
				7456407a3e8bff75fe8bd142a0c610ba /* triangle.h */,
				d469947df4b5b02b7f0a11df69a5ceca /* triangle_impl.hpp */,
			);
			name = triangle;
			sourceTree = "<group>";
		};
		BB4B014C10F69532006C3DED /* addons */ = {
			isa = PBXGroup;
			children = (
				bd1b24c549bfa7d54bc59de3c6921b7c /* ofxBox2d */,
			);
			name = addons;
			sourceTree = "<group>";
		};
		BBAB23C913894ECA00AA2426 /* system frameworks */ = {
			isa = PBXGroup;
			children = (
				E4C2424410CC5A17004149E2 /* AppKit.framework */,
				E4C2424510CC5A17004149E2 /* Cocoa.framework */,
				E4C2424610CC5A17004149E2 /* IOKit.framework */,
				E45BE9710E8CC7DD009D7055 /* AGL.framework */,
				E45BE9720E8CC7DD009D7055 /* ApplicationServices.framework */,
				E45BE9730E8CC7DD009D7055 /* AudioToolbox.framework */,
				E45BE9740E8CC7DD009D7055 /* Carbon.framework */,
				E45BE9750E8CC7DD009D7055 /* CoreAudio.framework */,
				E45BE9760E8CC7DD009D7055 /* CoreFoundation.framework */,
				E45BE9770E8CC7DD009D7055 /* CoreServices.framework */,
				E45BE9790E8CC7DD009D7055 /* OpenGL.framework */,
				E45BE97A0E8CC7DD009D7055 /* QuickTime.framework */,
			);
			name = "system frameworks";
			sourceTree = "<group>";
		};
		BBAB23CA13894EDB00AA2426 /* 3rd party frameworks */ = {
			isa = PBXGroup;
			children = (
				BBAB23BE13894E4700AA2426 /* GLUT.framework */,
			);
			name = "3rd party frameworks";
			sourceTree = "<group>";
		};
		E4328144138ABC890047C5CB /* Products */ = {
			isa = PBXGroup;
			children = (
				E4328148138ABC890047C5CB /* openFrameworksDebug.a */,
			);
			name = Products;
			sourceTree = "<group>";
		};
		E45BE5980E8CC70C009D7055 /* frameworks */ = {
			isa = PBXGroup;
			children = (
				BBAB23CA13894EDB00AA2426 /* 3rd party frameworks */,
				BBAB23C913894ECA00AA2426 /* system frameworks */,
			);
			name = frameworks;
			sourceTree = "<group>";
		};
		E4B69B4A0A3A1720003C02F2 = {
			isa = PBXGroup;
			children = (
				E4B6FCAD0C3E899E008CF71C /* openFrameworks-Info.plist */,
				E4EB6923138AFD0F00A09F29 /* Project.xcconfig */,
				E4B69E1C0A3A1BDC003C02F2 /* src */,
				E4EEC9E9138DF44700A80321 /* openFrameworks */,
				BB4B014C10F69532006C3DED /* addons */,
				E45BE5980E8CC70C009D7055 /* frameworks */,
				E4B69B5B0A3A1756003C02F2 /* example-BodiesDebug.app */,
			);
			sourceTree = "<group>";
		};
		E4B69E1C0A3A1BDC003C02F2 /* src */ = {
			isa = PBXGroup;
			children = (
				E4B69E1D0A3A1BDC003C02F2 /* main.cpp */,
				E4B69E1E0A3A1BDC003C02F2 /* testApp.cpp */,
				E4B69E1F0A3A1BDC003C02F2 /* testApp.h */,
			);
			path = src;
			sourceTree = SOURCE_ROOT;
		};
		E4EEC9E9138DF44700A80321 /* openFrameworks */ = {
			isa = PBXGroup;
			children = (
				E4EB691F138AFCF100A09F29 /* CoreOF.xcconfig */,
				E4328143138ABC890047C5CB /* openFrameworksLib.xcodeproj */,
			);
			name = openFrameworks;
			sourceTree = "<group>";
		};
		b950fbf3ae43d9ee9bc61ff53e244b11 /* Dynamics */ = {
			isa = PBXGroup;
			children = (
				a296623a714c9f8edb4bca26d13eafef /* b2Body.cpp */,
				c5ba6f0b85a67fe0d5e8b7581c259782 /* b2Body.h */,
				14f573eb8a3c9d93203e1f205fee0766 /* b2ContactManager.cpp */,
				ccdf34cee86aeaf972b25458d27d09f0 /* b2ContactManager.h */,
				774ddd1b3f05d3fdf0d37794ec73b989 /* b2Fixture.cpp */,
				67e6103dc0f324faeb33e3f58bc31db3 /* b2Fixture.h */,
				5c703fd5b2d1d10baee01bea61886b5c /* b2Island.cpp */,
				80c3ade6f054d328a726b4c6ddd4882a /* b2Island.h */,
				fa784162b6a8e3a77bbe4d6cc2a8e30f /* b2TimeStep.h */,
				bccd69f7be28da5483cc6db59fca798a /* b2World.cpp */,
				eea3960032df0a093cee699048c3fc3d /* b2World.h */,
				561370923a365a4a9dc9fb8aa1c415d5 /* b2WorldCallbacks.cpp */,
				6b0732f355e7243d81eab81c6dedc315 /* b2WorldCallbacks.h */,
				9618c0a0c8712e53cedb090cd5c3f89b /* Contacts */,
				81321c92de6995f7da246d1711481390 /* Joints */,
			);
			name = Dynamics;
			sourceTree = "<group>";
		};
		bd1b24c549bfa7d54bc59de3c6921b7c /* ofxBox2d */ = {
			isa = PBXGroup;
			children = (
				5492a1491d9e6e88ebb3be2b497a1258 /* src */,
				c4343c0396e7683f2f1d562519f133aa /* libs */,
			);
			name = ofxBox2d;
			sourceTree = "<group>";
		};
		c4343c0396e7683f2f1d562519f133aa /* libs */ = {
			isa = PBXGroup;
			children = (
				0be7e79ec87a4756e55789fb8550e559 /* Box2D */,
				996b4d5c136f618539a2c28df10937a2 /* triangle */,
			);
			name = libs;
			sourceTree = "<group>";
		};
		e964bc1ac23ebd6ada41da1af0093aba /* Common */ = {
			isa = PBXGroup;
			children = (
				a76d962905d0ba4de02320a5954b5369 /* b2BlockAllocator.cpp */,
				98d5d066dcdbddfa9d043faeade37321 /* b2BlockAllocator.h */,
				f672ebfcb4887c08bbb23527c897a3ac /* b2Math.cpp */,
				a53d126faa18a596595c0c6f393033d2 /* b2Math.h */,
				52fd632883052641c31c9444cbf7467f /* b2Settings.cpp */,
				876f1723abbbeb3bfeb3c4e4abd0b796 /* b2Settings.h */,
				920cfc6d7e43eed2b7b03746cc1dde5f /* b2StackAllocator.cpp */,
				61d086ee2a0e4d5226f2141217610a4b /* b2StackAllocator.h */,
			);
			name = Common;
			sourceTree = "<group>";
		};
/* End PBXGroup section */

/* Begin PBXNativeTarget section */
		E4B69B5A0A3A1756003C02F2 /* example-Bodies */ = {
			isa = PBXNativeTarget;
			buildConfigurationList = E4B69B5F0A3A1757003C02F2 /* Build configuration list for PBXNativeTarget "example-Bodies" */;
			buildPhases = (
				E4B69B580A3A1756003C02F2 /* Sources */,
				E4B69B590A3A1756003C02F2 /* Frameworks */,
				E4B6FFFD0C3F9AB9008CF71C /* ShellScript */,
				E4C2427710CC5ABF004149E2 /* CopyFiles */,
			);
			buildRules = (
			);
			dependencies = (
				E4EEB9AC138B136A00A80321 /* PBXTargetDependency */,
			);
			name = "example-Bodies";
			productName = myOFApp;
			productReference = E4B69B5B0A3A1756003C02F2 /* example-BodiesDebug.app */;
			productType = "com.apple.product-type.application";
		};
/* End PBXNativeTarget section */

/* Begin PBXProject section */
		E4B69B4C0A3A1720003C02F2 /* Project object */ = {
			isa = PBXProject;
			buildConfigurationList = E4B69B4D0A3A1720003C02F2 /* Build configuration list for PBXProject "example-Bodies" */;
			compatibilityVersion = "Xcode 2.4";
			developmentRegion = English;
			hasScannedForEncodings = 0;
			knownRegions = (
				English,
				Japanese,
				French,
				German,
			);
			mainGroup = E4B69B4A0A3A1720003C02F2;
			productRefGroup = E4B69B4A0A3A1720003C02F2;
			projectDirPath = "";
			projectReferences = (
				{
					ProductGroup = E4328144138ABC890047C5CB /* Products */;
					ProjectRef = E4328143138ABC890047C5CB /* openFrameworksLib.xcodeproj */;
				},
			);
			projectRoot = "";
			targets = (
				E4B69B5A0A3A1756003C02F2 /* example-Bodies */,
			);
		};
/* End PBXProject section */

/* Begin PBXReferenceProxy section */
		E4328148138ABC890047C5CB /* openFrameworksDebug.a */ = {
			isa = PBXReferenceProxy;
			fileType = archive.ar;
			path = openFrameworksDebug.a;
			remoteRef = E4328147138ABC890047C5CB /* PBXContainerItemProxy */;
			sourceTree = BUILT_PRODUCTS_DIR;
		};
/* End PBXReferenceProxy section */

/* Begin PBXShellScriptBuildPhase section */
		E4B6FFFD0C3F9AB9008CF71C /* ShellScript */ = {
			isa = PBXShellScriptBuildPhase;
			buildActionMask = 2147483647;
			files = (
			);
			inputPaths = (
			);
			outputPaths = (
			);
			runOnlyForDeploymentPostprocessing = 0;
			shellPath = /bin/sh;
			shellScript = "cp -f ../../../libs/fmodex/lib/osx/libfmodex.dylib \"$TARGET_BUILD_DIR/$PRODUCT_NAME.app/Contents/MacOS/libfmodex.dylib\"; install_name_tool -change ./libfmodex.dylib @executable_path/libfmodex.dylib \"$TARGET_BUILD_DIR/$PRODUCT_NAME.app/Contents/MacOS/$PRODUCT_NAME\";";
		};
/* End PBXShellScriptBuildPhase section */

/* Begin PBXSourcesBuildPhase section */
		E4B69B580A3A1756003C02F2 /* Sources */ = {
			isa = PBXSourcesBuildPhase;
			buildActionMask = 2147483647;
			files = (
				E4B69E200A3A1BDC003C02F2 /* main.cpp in Sources */,
				E4B69E210A3A1BDC003C02F2 /* testApp.cpp in Sources */,
				b16c89d9ca996ca8fd860d81223bd4dc /* ofxBox2d.cpp in Sources */,
				f2ff2f9d6699b4b328cb6be3b5b250e9 /* ofxBox2dBaseShape.cpp in Sources */,
				ae9254bc31c3409899d28dc900eeba61 /* ofxBox2dCircle.cpp in Sources */,
				12548b44285b5c07eea5379c8fb611d6 /* ofxBox2dJoint.cpp in Sources */,
				dfacec3a1e9d23315321d7eaa48bd2b5 /* ofxBox2dPolygon.cpp in Sources */,
				b103df2084e0f38d03e0e6f1c562f1c6 /* ofxBox2dRect.cpp in Sources */,
				1b19fd7e51b73109c4ac02d966ba8a9e /* b2BroadPhase.cpp in Sources */,
				2f666321514a2075b12ce4ee4229693d /* b2CollideCircle.cpp in Sources */,
				298ead2c029d9959f5b32246587cbfe2 /* b2CollidePolygon.cpp in Sources */,
				ac5a3d9e6c3e12122c80f404c3dedf69 /* b2Collision.cpp in Sources */,
				a2e3224bf9b63daa802a0f18c97a94b2 /* b2Distance.cpp in Sources */,
				71c677669b75120425de19d441a0ad55 /* b2DynamicTree.cpp in Sources */,
				19894c344a6861a26a61d2c00f240799 /* b2TimeOfImpact.cpp in Sources */,
				da846513da696b1e8921bbc376393b74 /* b2CircleShape.cpp in Sources */,
				981ea7c2357295ae8501f4c650fd5c84 /* b2PolygonShape.cpp in Sources */,
				bb885f5f39c8da070d80ef023898c248 /* b2BlockAllocator.cpp in Sources */,
				22a83fe368c671fa8dbd5e51c2e02c66 /* b2Math.cpp in Sources */,
				cb503b33759f22a302b8fc6e1c86d94e /* b2Settings.cpp in Sources */,
				0c7bd977292f7d20b41df594ce4f8a70 /* b2StackAllocator.cpp in Sources */,
				3e76a164b41bceb11b15c175088fe1bc /* b2Body.cpp in Sources */,
				c3d8ef14a387ea959014ad91674b22c5 /* b2ContactManager.cpp in Sources */,
				fa7300bac71dac1abaf6ee151b67c52e /* b2Fixture.cpp in Sources */,
				6fce95d2ef10accec27246888620fdab /* b2Island.cpp in Sources */,
				ac527216645d66921fb3e36f669df420 /* b2World.cpp in Sources */,
				5146aeb9e58fb1b388820c2ae900051e /* b2WorldCallbacks.cpp in Sources */,
				70acbbd5dbe2725ec1e99ccf448c8e32 /* b2CircleContact.cpp in Sources */,
				bfd2a0eebe3b4153659ec355abca9208 /* b2Contact.cpp in Sources */,
				f32187d344f58022dfd48c0f5a1f2a20 /* b2ContactSolver.cpp in Sources */,
				7e1aaab7a2f92465251ae49e2379b209 /* b2PolygonAndCircleContact.cpp in Sources */,
				41ddb078572b368f685e19f89f0cf42e /* b2PolygonContact.cpp in Sources */,
				285eff3173789cd57844d9c8fbd56c1d /* b2TOISolver.cpp in Sources */,
				14f3fb468fed85dd86cc9bcfb64df7a8 /* b2DistanceJoint.cpp in Sources */,
				03ac305c546fedb7c2a7e1a8112cdafb /* b2FrictionJoint.cpp in Sources */,
				2a5d09413fd64eb3af88ef02ff6a5449 /* b2GearJoint.cpp in Sources */,
				14d76fd1b7f190398d120fa470d42694 /* b2Joint.cpp in Sources */,
				34bc8bafaa94bd8ccba662d12407e004 /* b2LineJoint.cpp in Sources */,
				d2969de2782bae96a0c7adc1cbc092ff /* b2MouseJoint.cpp in Sources */,
				64f975dc016f17834fbb9f013968e57a /* b2PrismaticJoint.cpp in Sources */,
				9f9d49cfc30ba1589822e7abc2b3e958 /* b2PulleyJoint.cpp in Sources */,
				a2e6b252d682a7fb048a1644b20ea99a /* b2RevoluteJoint.cpp in Sources */,
				87c5c3ded336b7bb4a5d06d6b0f522d3 /* b2WeldJoint.cpp in Sources */,
				4cc0fd96de77ff40bbcf8dd893ae88b8 /* del_impl.cpp in Sources */,
			);
			runOnlyForDeploymentPostprocessing = 0;
		};
/* End PBXSourcesBuildPhase section */

/* Begin PBXTargetDependency section */
		E4EEB9AC138B136A00A80321 /* PBXTargetDependency */ = {
			isa = PBXTargetDependency;
			name = openFrameworks;
			targetProxy = E4EEB9AB138B136A00A80321 /* PBXContainerItemProxy */;
		};
/* End PBXTargetDependency section */

/* Begin XCBuildConfiguration section */
		E4B69B4E0A3A1720003C02F2 /* Debug */ = {
			isa = XCBuildConfiguration;
			baseConfigurationReference = E4EB6923138AFD0F00A09F29 /* Project.xcconfig */;
			buildSettings = {
				ARCHS = "$(NATIVE_ARCH)";
				CONFIGURATION_BUILD_DIR = "$(SRCROOT)/bin/";
				COPY_PHASE_STRIP = NO;
				DEAD_CODE_STRIPPING = YES;
				GCC_AUTO_VECTORIZATION = YES;
				GCC_ENABLE_SSE3_EXTENSIONS = YES;
				GCC_ENABLE_SUPPLEMENTAL_SSE3_INSTRUCTIONS = YES;
				GCC_INLINES_ARE_PRIVATE_EXTERN = NO;
				GCC_OPTIMIZATION_LEVEL = 0;
				GCC_SYMBOLS_PRIVATE_EXTERN = NO;
				GCC_WARN_ABOUT_DEPRECATED_FUNCTIONS = NO;
				GCC_WARN_ABOUT_INVALID_OFFSETOF_MACRO = NO;
				GCC_WARN_ALLOW_INCOMPLETE_PROTOCOL = NO;
				GCC_WARN_UNINITIALIZED_AUTOS = NO;
				GCC_WARN_UNUSED_VALUE = NO;
				GCC_WARN_UNUSED_VARIABLE = NO;
				HEADER_SEARCH_PATHS = (
					"$(OF_CORE_HEADERS)",
					src,
					../../../addons/ofxBox2d/libs,
					../../../addons/ofxBox2d/libs/Box2D,
					../../../addons/ofxBox2d/libs/Box2D/Collision,
					../../../addons/ofxBox2d/libs/Box2D/Collision/Shapes,
					../../../addons/ofxBox2d/libs/Box2D/Common,
					../../../addons/ofxBox2d/libs/Box2D/Dynamics,
					../../../addons/ofxBox2d/libs/Box2D/Dynamics/Contacts,
					../../../addons/ofxBox2d/libs/Box2D/Dynamics/Joints,
					../../../addons/ofxBox2d/libs/triangle,
					../../../addons/ofxBox2d/src,
				);
				OTHER_CPLUSPLUSFLAGS = (
					"-D__MACOSX_CORE__",
					"-lpthread",
					"-mtune=native",
				);
			};
			name = Debug;
		};
		E4B69B4F0A3A1720003C02F2 /* Release */ = {
			isa = XCBuildConfiguration;
			baseConfigurationReference = E4EB6923138AFD0F00A09F29 /* Project.xcconfig */;
			buildSettings = {
				ARCHS = "$(NATIVE_ARCH)";
				CONFIGURATION_BUILD_DIR = "$(SRCROOT)/bin/";
				COPY_PHASE_STRIP = YES;
				DEAD_CODE_STRIPPING = YES;
				GCC_AUTO_VECTORIZATION = YES;
				GCC_ENABLE_SSE3_EXTENSIONS = YES;
				GCC_ENABLE_SUPPLEMENTAL_SSE3_INSTRUCTIONS = YES;
				GCC_INLINES_ARE_PRIVATE_EXTERN = NO;
				GCC_OPTIMIZATION_LEVEL = 3;
				GCC_SYMBOLS_PRIVATE_EXTERN = NO;
				GCC_UNROLL_LOOPS = YES;
				GCC_WARN_ABOUT_DEPRECATED_FUNCTIONS = NO;
				GCC_WARN_ABOUT_INVALID_OFFSETOF_MACRO = NO;
				GCC_WARN_ALLOW_INCOMPLETE_PROTOCOL = NO;
				GCC_WARN_UNINITIALIZED_AUTOS = NO;
				GCC_WARN_UNUSED_VALUE = NO;
				GCC_WARN_UNUSED_VARIABLE = NO;
				HEADER_SEARCH_PATHS = (
					"$(OF_CORE_HEADERS)",
					src,
					../../../addons/ofxBox2d/libs,
					../../../addons/ofxBox2d/libs/Box2D,
					../../../addons/ofxBox2d/libs/Box2D/Collision,
					../../../addons/ofxBox2d/libs/Box2D/Collision/Shapes,
					../../../addons/ofxBox2d/libs/Box2D/Common,
					../../../addons/ofxBox2d/libs/Box2D/Dynamics,
					../../../addons/ofxBox2d/libs/Box2D/Dynamics/Contacts,
					../../../addons/ofxBox2d/libs/Box2D/Dynamics/Joints,
					../../../addons/ofxBox2d/libs/triangle,
					../../../addons/ofxBox2d/src,
				);
				OTHER_CPLUSPLUSFLAGS = (
					"-D__MACOSX_CORE__",
					"-lpthread",
					"-mtune=native",
				);
			};
			name = Release;
		};
		E4B69B600A3A1757003C02F2 /* Debug */ = {
			isa = XCBuildConfiguration;
			buildSettings = {
				COPY_PHASE_STRIP = NO;
				FRAMEWORK_SEARCH_PATHS = (
					"$(inherited)",
					"$(FRAMEWORK_SEARCH_PATHS_QUOTED_FOR_TARGET_1)",
				);
				FRAMEWORK_SEARCH_PATHS_QUOTED_FOR_TARGET_1 = "\"$(SRCROOT)/../../../libs/glut/lib/osx\"";
				GCC_DYNAMIC_NO_PIC = NO;
				GCC_ENABLE_FIX_AND_CONTINUE = YES;
				GCC_GENERATE_DEBUGGING_SYMBOLS = YES;
				GCC_MODEL_TUNING = NONE;
				GCC_PRECOMPILE_PREFIX_HEADER = YES;
				GCC_PREFIX_HEADER = "$(SYSTEM_LIBRARY_DIR)/Frameworks/Carbon.framework/Headers/Carbon.h";
				INFOPLIST_FILE = "openFrameworks-Info.plist";
				INSTALL_PATH = "$(HOME)/Applications";
				LIBRARY_SEARCH_PATHS = (
					"$(inherited)",
					"$(LIBRARY_SEARCH_PATHS_QUOTED_FOR_TARGET_1)",
					"$(LIBRARY_SEARCH_PATHS_QUOTED_FOR_TARGET_2)",
					"$(LIBRARY_SEARCH_PATHS_QUOTED_FOR_TARGET_3)",
					"$(LIBRARY_SEARCH_PATHS_QUOTED_FOR_TARGET_4)",
					"$(LIBRARY_SEARCH_PATHS_QUOTED_FOR_TARGET_5)",
					"$(LIBRARY_SEARCH_PATHS_QUOTED_FOR_TARGET_6)",
					"$(LIBRARY_SEARCH_PATHS_QUOTED_FOR_TARGET_7)",
					"$(LIBRARY_SEARCH_PATHS_QUOTED_FOR_TARGET_8)",
					"$(LIBRARY_SEARCH_PATHS_QUOTED_FOR_TARGET_9)",
					"$(LIBRARY_SEARCH_PATHS_QUOTED_FOR_TARGET_10)",
					"$(LIBRARY_SEARCH_PATHS_QUOTED_FOR_TARGET_11)",
					"$(LIBRARY_SEARCH_PATHS_QUOTED_FOR_TARGET_12)",
					"$(LIBRARY_SEARCH_PATHS_QUOTED_FOR_TARGET_13)",
					"$(LIBRARY_SEARCH_PATHS_QUOTED_FOR_TARGET_14)",
					"$(LIBRARY_SEARCH_PATHS_QUOTED_FOR_TARGET_15)",
					"$(LIBRARY_SEARCH_PATHS_QUOTED_FOR_TARGET_2)",
					"$(LIBRARY_SEARCH_PATHS_QUOTED_FOR_TARGET_3)",
					"$(LIBRARY_SEARCH_PATHS_QUOTED_FOR_TARGET_7)",
					"$(LIBRARY_SEARCH_PATHS_QUOTED_FOR_TARGET_8)",
					"$(LIBRARY_SEARCH_PATHS_QUOTED_FOR_TARGET_9)",
					"$(LIBRARY_SEARCH_PATHS_QUOTED_FOR_TARGET_10)",
					"$(LIBRARY_SEARCH_PATHS_QUOTED_FOR_TARGET_11)",
					"$(LIBRARY_SEARCH_PATHS_QUOTED_FOR_TARGET_12)",
					"$(LIBRARY_SEARCH_PATHS_QUOTED_FOR_TARGET_13)",
					"$(LIBRARY_SEARCH_PATHS_QUOTED_FOR_TARGET_16)",
					"$(LIBRARY_SEARCH_PATHS_QUOTED_FOR_TARGET_17)",
					"$(LIBRARY_SEARCH_PATHS_QUOTED_FOR_TARGET_18)",
					"$(LIBRARY_SEARCH_PATHS_QUOTED_FOR_TARGET_19)",
					"$(LIBRARY_SEARCH_PATHS_QUOTED_FOR_TARGET_20)",
					"$(LIBRARY_SEARCH_PATHS_QUOTED_FOR_TARGET_21)",
					"$(LIBRARY_SEARCH_PATHS_QUOTED_FOR_TARGET_22)",
					"$(LIBRARY_SEARCH_PATHS_QUOTED_FOR_TARGET_23)",
					"$(LIBRARY_SEARCH_PATHS_QUOTED_FOR_TARGET_24)",
					"$(LIBRARY_SEARCH_PATHS_QUOTED_FOR_TARGET_25)",
					"$(LIBRARY_SEARCH_PATHS_QUOTED_FOR_TARGET_26)",
					"$(LIBRARY_SEARCH_PATHS_QUOTED_FOR_TARGET_27)",
					"$(LIBRARY_SEARCH_PATHS_QUOTED_FOR_TARGET_28)",
					"$(LIBRARY_SEARCH_PATHS_QUOTED_FOR_TARGET_29)",
					"$(LIBRARY_SEARCH_PATHS_QUOTED_FOR_TARGET_30)",
					"$(LIBRARY_SEARCH_PATHS_QUOTED_FOR_TARGET_31)",
					"$(LIBRARY_SEARCH_PATHS_QUOTED_FOR_TARGET_32)",
					"$(LIBRARY_SEARCH_PATHS_QUOTED_FOR_TARGET_33)",
					"$(LIBRARY_SEARCH_PATHS_QUOTED_FOR_TARGET_34)",
					"$(LIBRARY_SEARCH_PATHS_QUOTED_FOR_TARGET_35)",
					"$(LIBRARY_SEARCH_PATHS_QUOTED_FOR_TARGET_36)",
					"$(LIBRARY_SEARCH_PATHS_QUOTED_FOR_TARGET_37)",
					"$(LIBRARY_SEARCH_PATHS_QUOTED_FOR_TARGET_38)",
					"$(LIBRARY_SEARCH_PATHS_QUOTED_FOR_TARGET_39)",
					"$(LIBRARY_SEARCH_PATHS_QUOTED_FOR_TARGET_40)",
					"$(LIBRARY_SEARCH_PATHS_QUOTED_FOR_TARGET_41)",
					"$(LIBRARY_SEARCH_PATHS_QUOTED_FOR_TARGET_42)",
					"$(LIBRARY_SEARCH_PATHS_QUOTED_FOR_TARGET_43)",
					"$(LIBRARY_SEARCH_PATHS_QUOTED_FOR_TARGET_44)",
					"$(LIBRARY_SEARCH_PATHS_QUOTED_FOR_TARGET_45)",
					"$(LIBRARY_SEARCH_PATHS_QUOTED_FOR_TARGET_46)",
					"$(LIBRARY_SEARCH_PATHS_QUOTED_FOR_TARGET_47)",
					"$(LIBRARY_SEARCH_PATHS_QUOTED_FOR_TARGET_48)",
					"$(LIBRARY_SEARCH_PATHS_QUOTED_FOR_TARGET_49)",
					"$(LIBRARY_SEARCH_PATHS_QUOTED_FOR_TARGET_50)",
					"$(LIBRARY_SEARCH_PATHS_QUOTED_FOR_TARGET_51)",
					"$(LIBRARY_SEARCH_PATHS_QUOTED_FOR_TARGET_52)",
				);
				PREBINDING = NO;
				PRODUCT_NAME = "$(TARGET_NAME)Debug";
				WRAPPER_EXTENSION = app;
			};
			name = Debug;
		};
		E4B69B610A3A1757003C02F2 /* Release */ = {
			isa = XCBuildConfiguration;
			buildSettings = {
				COPY_PHASE_STRIP = YES;
				FRAMEWORK_SEARCH_PATHS = (
					"$(inherited)",
					"$(FRAMEWORK_SEARCH_PATHS_QUOTED_FOR_TARGET_1)",
				);
				FRAMEWORK_SEARCH_PATHS_QUOTED_FOR_TARGET_1 = "\"$(SRCROOT)/../../../libs/glut/lib/osx\"";
				GCC_ENABLE_FIX_AND_CONTINUE = NO;
				GCC_GENERATE_DEBUGGING_SYMBOLS = YES;
				GCC_MODEL_TUNING = NONE;
				GCC_PRECOMPILE_PREFIX_HEADER = YES;
				GCC_PREFIX_HEADER = "$(SYSTEM_LIBRARY_DIR)/Frameworks/Carbon.framework/Headers/Carbon.h";
				INFOPLIST_FILE = "openFrameworks-Info.plist";
				INSTALL_PATH = "$(HOME)/Applications";
				LIBRARY_SEARCH_PATHS = (
					"$(inherited)",
					"$(LIBRARY_SEARCH_PATHS_QUOTED_FOR_TARGET_1)",
					"$(LIBRARY_SEARCH_PATHS_QUOTED_FOR_TARGET_2)",
					"$(LIBRARY_SEARCH_PATHS_QUOTED_FOR_TARGET_3)",
					"$(LIBRARY_SEARCH_PATHS_QUOTED_FOR_TARGET_4)",
					"$(LIBRARY_SEARCH_PATHS_QUOTED_FOR_TARGET_5)",
					"$(LIBRARY_SEARCH_PATHS_QUOTED_FOR_TARGET_6)",
					"$(LIBRARY_SEARCH_PATHS_QUOTED_FOR_TARGET_7)",
					"$(LIBRARY_SEARCH_PATHS_QUOTED_FOR_TARGET_8)",
					"$(LIBRARY_SEARCH_PATHS_QUOTED_FOR_TARGET_9)",
					"$(LIBRARY_SEARCH_PATHS_QUOTED_FOR_TARGET_10)",
					"$(LIBRARY_SEARCH_PATHS_QUOTED_FOR_TARGET_11)",
					"$(LIBRARY_SEARCH_PATHS_QUOTED_FOR_TARGET_12)",
					"$(LIBRARY_SEARCH_PATHS_QUOTED_FOR_TARGET_13)",
					"$(LIBRARY_SEARCH_PATHS_QUOTED_FOR_TARGET_14)",
					"$(LIBRARY_SEARCH_PATHS_QUOTED_FOR_TARGET_15)",
					"$(LIBRARY_SEARCH_PATHS_QUOTED_FOR_TARGET_2)",
					"$(LIBRARY_SEARCH_PATHS_QUOTED_1)",
					"$(LIBRARY_SEARCH_PATHS_QUOTED_FOR_TARGET_3)",
					"$(LIBRARY_SEARCH_PATHS_QUOTED_FOR_TARGET_7)",
					"$(LIBRARY_SEARCH_PATHS_QUOTED_FOR_TARGET_8)",
					"$(LIBRARY_SEARCH_PATHS_QUOTED_FOR_TARGET_9)",
					"$(LIBRARY_SEARCH_PATHS_QUOTED_FOR_TARGET_10)",
					"$(LIBRARY_SEARCH_PATHS_QUOTED_FOR_TARGET_11)",
					"$(LIBRARY_SEARCH_PATHS_QUOTED_FOR_TARGET_12)",
					"$(LIBRARY_SEARCH_PATHS_QUOTED_FOR_TARGET_13)",
					"$(LIBRARY_SEARCH_PATHS_QUOTED_FOR_TARGET_16)",
					"$(LIBRARY_SEARCH_PATHS_QUOTED_FOR_TARGET_17)",
					"$(LIBRARY_SEARCH_PATHS_QUOTED_FOR_TARGET_18)",
					"$(LIBRARY_SEARCH_PATHS_QUOTED_FOR_TARGET_19)",
					"$(LIBRARY_SEARCH_PATHS_QUOTED_FOR_TARGET_20)",
					"$(LIBRARY_SEARCH_PATHS_QUOTED_FOR_TARGET_21)",
					"$(LIBRARY_SEARCH_PATHS_QUOTED_FOR_TARGET_22)",
					"$(LIBRARY_SEARCH_PATHS_QUOTED_FOR_TARGET_23)",
					"$(LIBRARY_SEARCH_PATHS_QUOTED_FOR_TARGET_24)",
					"$(LIBRARY_SEARCH_PATHS_QUOTED_FOR_TARGET_25)",
					"$(LIBRARY_SEARCH_PATHS_QUOTED_FOR_TARGET_26)",
					"$(LIBRARY_SEARCH_PATHS_QUOTED_FOR_TARGET_27)",
					"$(LIBRARY_SEARCH_PATHS_QUOTED_FOR_TARGET_28)",
					"$(LIBRARY_SEARCH_PATHS_QUOTED_FOR_TARGET_29)",
					"$(LIBRARY_SEARCH_PATHS_QUOTED_FOR_TARGET_30)",
					"$(LIBRARY_SEARCH_PATHS_QUOTED_FOR_TARGET_31)",
					"$(LIBRARY_SEARCH_PATHS_QUOTED_FOR_TARGET_32)",
					"$(LIBRARY_SEARCH_PATHS_QUOTED_FOR_TARGET_33)",
					"$(LIBRARY_SEARCH_PATHS_QUOTED_FOR_TARGET_34)",
					"$(LIBRARY_SEARCH_PATHS_QUOTED_FOR_TARGET_35)",
					"$(LIBRARY_SEARCH_PATHS_QUOTED_FOR_TARGET_36)",
					"$(LIBRARY_SEARCH_PATHS_QUOTED_FOR_TARGET_37)",
					"$(LIBRARY_SEARCH_PATHS_QUOTED_FOR_TARGET_38)",
					"$(LIBRARY_SEARCH_PATHS_QUOTED_FOR_TARGET_39)",
					"$(LIBRARY_SEARCH_PATHS_QUOTED_FOR_TARGET_40)",
					"$(LIBRARY_SEARCH_PATHS_QUOTED_FOR_TARGET_41)",
					"$(LIBRARY_SEARCH_PATHS_QUOTED_FOR_TARGET_42)",
					"$(LIBRARY_SEARCH_PATHS_QUOTED_FOR_TARGET_43)",
					"$(LIBRARY_SEARCH_PATHS_QUOTED_FOR_TARGET_44)",
					"$(LIBRARY_SEARCH_PATHS_QUOTED_FOR_TARGET_45)",
					"$(LIBRARY_SEARCH_PATHS_QUOTED_FOR_TARGET_46)",
					"$(LIBRARY_SEARCH_PATHS_QUOTED_FOR_TARGET_47)",
					"$(LIBRARY_SEARCH_PATHS_QUOTED_FOR_TARGET_48)",
					"$(LIBRARY_SEARCH_PATHS_QUOTED_FOR_TARGET_49)",
					"$(LIBRARY_SEARCH_PATHS_QUOTED_FOR_TARGET_50)",
					"$(LIBRARY_SEARCH_PATHS_QUOTED_FOR_TARGET_51)",
				);
				PREBINDING = NO;
				PRODUCT_NAME = "$(TARGET_NAME)";
				WRAPPER_EXTENSION = app;
			};
			name = Release;
		};
/* End XCBuildConfiguration section */

/* Begin XCConfigurationList section */
		E4B69B4D0A3A1720003C02F2 /* Build configuration list for PBXProject "example-Bodies" */ = {
			isa = XCConfigurationList;
			buildConfigurations = (
				E4B69B4E0A3A1720003C02F2 /* Debug */,
				E4B69B4F0A3A1720003C02F2 /* Release */,
			);
			defaultConfigurationIsVisible = 0;
			defaultConfigurationName = Release;
		};
		E4B69B5F0A3A1757003C02F2 /* Build configuration list for PBXNativeTarget "example-Bodies" */ = {
			isa = XCConfigurationList;
			buildConfigurations = (
				E4B69B600A3A1757003C02F2 /* Debug */,
				E4B69B610A3A1757003C02F2 /* Release */,
			);
			defaultConfigurationIsVisible = 0;
			defaultConfigurationName = Release;
		};
/* End XCConfigurationList section */
	};
	rootObject = E4B69B4C0A3A1720003C02F2 /* Project object */;
}
