<?xml version="1.0"?>
<CodeBlocks_project_file>
	<FileVersion major="1" minor="6" />
	<Project>
		<Option title="example-Simple" />
		<Option makefile_is_custom="1" />
		<Option pch_mode="2" />
		<Option compiler="gcc" />
		<Option virtualFolders="addons/;src/;" />
		<Build>
			<Target title="Debug">
				<Option output="bin/$(PROJECT_NAME)_debug" prefix_auto="1" extension_auto="1" />
				<Option working_dir="bin" />
				<Option object_output="obj/Debug/" />
				<Option external_deps="../../../libs/openFrameworksCompiled/lib/linux/libopenFrameworksDebug.a;" />
				<Option type="1" />
				<Option compiler="gcc" />
				<Option projectLinkerOptionsRelation="2" />
			</Target>
			<Target title="Release">
				<Option output="bin/$(PROJECT_NAME)" prefix_auto="1" extension_auto="1" />
				<Option working_dir="bin" />
				<Option object_output="obj/Release/" />
				<Option external_deps="../../../libs/openFrameworksCompiled/lib/linux/libopenFrameworks.a;" />
				<Option type="1" />
				<Option compiler="gcc" />
				<Option projectLinkerOptionsRelation="2" />
			</Target>
		</Build>
		<Unit filename="src/main.cpp">
			<Option virtualFolder="src/" />
		</Unit>
		<Unit filename="src/testApp.cpp">
			<Option virtualFolder="src/" />
		</Unit>
		<Unit filename="src/testApp.h">
			<Option virtualFolder="src/" />
		</Unit>
		<Unit filename="config.make">
			<Option virtualFolder="build config" />
		</Unit>
		<Extensions>
			<code_completion />
			<envvars />
			<debugger />
		</Extensions>
		<Unit filename="../../../addons/ofxBox2d/src/ofxBox2d.cpp">
			<Option virtualFolder="addons/ofxBox2d/src" />
		</Unit>
		<Unit filename="../../../addons/ofxBox2d/src/ofxBox2d.h">
			<Option virtualFolder="addons/ofxBox2d/src" />
		</Unit>
		<Unit filename="../../../addons/ofxBox2d/src/ofxBox2dBaseShape.cpp">
			<Option virtualFolder="addons/ofxBox2d/src" />
		</Unit>
		<Unit filename="../../../addons/ofxBox2d/src/ofxBox2dBaseShape.h">
			<Option virtualFolder="addons/ofxBox2d/src" />
		</Unit>
		<Unit filename="../../../addons/ofxBox2d/src/ofxBox2dCircle.cpp">
			<Option virtualFolder="addons/ofxBox2d/src" />
		</Unit>
		<Unit filename="../../../addons/ofxBox2d/src/ofxBox2dCircle.h">
			<Option virtualFolder="addons/ofxBox2d/src" />
		</Unit>
		<Unit filename="../../../addons/ofxBox2d/src/ofxBox2dContactListener.h">
			<Option virtualFolder="addons/ofxBox2d/src" />
		</Unit>
		<Unit filename="../../../addons/ofxBox2d/src/ofxBox2dJoint.cpp">
			<Option virtualFolder="addons/ofxBox2d/src" />
		</Unit>
		<Unit filename="../../../addons/ofxBox2d/src/ofxBox2dJoint.h">
			<Option virtualFolder="addons/ofxBox2d/src" />
		</Unit>
		<Unit filename="../../../addons/ofxBox2d/src/ofxBox2dPolygon.cpp">
			<Option virtualFolder="addons/ofxBox2d/src" />
		</Unit>
		<Unit filename="../../../addons/ofxBox2d/src/ofxBox2dPolygon.h">
			<Option virtualFolder="addons/ofxBox2d/src" />
		</Unit>
		<Unit filename="../../../addons/ofxBox2d/src/ofxBox2dPolygonUtils.h">
			<Option virtualFolder="addons/ofxBox2d/src" />
		</Unit>
		<Unit filename="../../../addons/ofxBox2d/src/ofxBox2dRect.cpp">
			<Option virtualFolder="addons/ofxBox2d/src" />
		</Unit>
		<Unit filename="../../../addons/ofxBox2d/src/ofxBox2dRect.h">
			<Option virtualFolder="addons/ofxBox2d/src" />
		</Unit>
		<Unit filename="../../../addons/ofxBox2d/src/ofxBox2dRender.h">
			<Option virtualFolder="addons/ofxBox2d/src" />
		</Unit>
		<Unit filename="../../../addons/ofxBox2d/src/ofxBox2dUtils.h">
			<Option virtualFolder="addons/ofxBox2d/src" />
		</Unit>
		<Unit filename="../../../addons/ofxBox2d/libs/Box2D/Box2D.h">
			<Option virtualFolder="addons/ofxBox2d/libs/Box2D" />
		</Unit>
		<Unit filename="../../../addons/ofxBox2d/libs/Box2D/Collision/b2BroadPhase.cpp">
			<Option virtualFolder="addons/ofxBox2d/libs/Box2D/Collision" />
		</Unit>
		<Unit filename="../../../addons/ofxBox2d/libs/Box2D/Collision/b2BroadPhase.h">
			<Option virtualFolder="addons/ofxBox2d/libs/Box2D/Collision" />
		</Unit>
		<Unit filename="../../../addons/ofxBox2d/libs/Box2D/Collision/b2CollideCircle.cpp">
			<Option virtualFolder="addons/ofxBox2d/libs/Box2D/Collision" />
		</Unit>
		<Unit filename="../../../addons/ofxBox2d/libs/Box2D/Collision/b2CollidePolygon.cpp">
			<Option virtualFolder="addons/ofxBox2d/libs/Box2D/Collision" />
		</Unit>
		<Unit filename="../../../addons/ofxBox2d/libs/Box2D/Collision/b2Collision.cpp">
			<Option virtualFolder="addons/ofxBox2d/libs/Box2D/Collision" />
		</Unit>
		<Unit filename="../../../addons/ofxBox2d/libs/Box2D/Collision/b2Collision.h">
			<Option virtualFolder="addons/ofxBox2d/libs/Box2D/Collision" />
		</Unit>
		<Unit filename="../../../addons/ofxBox2d/libs/Box2D/Collision/b2Distance.cpp">
			<Option virtualFolder="addons/ofxBox2d/libs/Box2D/Collision" />
		</Unit>
		<Unit filename="../../../addons/ofxBox2d/libs/Box2D/Collision/b2Distance.h">
			<Option virtualFolder="addons/ofxBox2d/libs/Box2D/Collision" />
		</Unit>
		<Unit filename="../../../addons/ofxBox2d/libs/Box2D/Collision/b2DynamicTree.cpp">
			<Option virtualFolder="addons/ofxBox2d/libs/Box2D/Collision" />
		</Unit>
		<Unit filename="../../../addons/ofxBox2d/libs/Box2D/Collision/b2DynamicTree.h">
			<Option virtualFolder="addons/ofxBox2d/libs/Box2D/Collision" />
		</Unit>
		<Unit filename="../../../addons/ofxBox2d/libs/Box2D/Collision/b2TimeOfImpact.cpp">
			<Option virtualFolder="addons/ofxBox2d/libs/Box2D/Collision" />
		</Unit>
		<Unit filename="../../../addons/ofxBox2d/libs/Box2D/Collision/b2TimeOfImpact.h">
			<Option virtualFolder="addons/ofxBox2d/libs/Box2D/Collision" />
		</Unit>
		<Unit filename="../../../addons/ofxBox2d/libs/Box2D/Collision/Shapes/b2CircleShape.cpp">
			<Option virtualFolder="addons/ofxBox2d/libs/Box2D/Collision/Shapes" />
		</Unit>
		<Unit filename="../../../addons/ofxBox2d/libs/Box2D/Collision/Shapes/b2CircleShape.h">
			<Option virtualFolder="addons/ofxBox2d/libs/Box2D/Collision/Shapes" />
		</Unit>
		<Unit filename="../../../addons/ofxBox2d/libs/Box2D/Collision/Shapes/b2PolygonShape.cpp">
			<Option virtualFolder="addons/ofxBox2d/libs/Box2D/Collision/Shapes" />
		</Unit>
		<Unit filename="../../../addons/ofxBox2d/libs/Box2D/Collision/Shapes/b2PolygonShape.h">
			<Option virtualFolder="addons/ofxBox2d/libs/Box2D/Collision/Shapes" />
		</Unit>
		<Unit filename="../../../addons/ofxBox2d/libs/Box2D/Collision/Shapes/b2Shape.h">
			<Option virtualFolder="addons/ofxBox2d/libs/Box2D/Collision/Shapes" />
		</Unit>
		<Unit filename="../../../addons/ofxBox2d/libs/Box2D/Common/b2BlockAllocator.cpp">
			<Option virtualFolder="addons/ofxBox2d/libs/Box2D/Common" />
		</Unit>
		<Unit filename="../../../addons/ofxBox2d/libs/Box2D/Common/b2BlockAllocator.h">
			<Option virtualFolder="addons/ofxBox2d/libs/Box2D/Common" />
		</Unit>
		<Unit filename="../../../addons/ofxBox2d/libs/Box2D/Common/b2Math.cpp">
			<Option virtualFolder="addons/ofxBox2d/libs/Box2D/Common" />
		</Unit>
		<Unit filename="../../../addons/ofxBox2d/libs/Box2D/Common/b2Math.h">
			<Option virtualFolder="addons/ofxBox2d/libs/Box2D/Common" />
		</Unit>
		<Unit filename="../../../addons/ofxBox2d/libs/Box2D/Common/b2Settings.cpp">
			<Option virtualFolder="addons/ofxBox2d/libs/Box2D/Common" />
		</Unit>
		<Unit filename="../../../addons/ofxBox2d/libs/Box2D/Common/b2Settings.h">
			<Option virtualFolder="addons/ofxBox2d/libs/Box2D/Common" />
		</Unit>
		<Unit filename="../../../addons/ofxBox2d/libs/Box2D/Common/b2StackAllocator.cpp">
			<Option virtualFolder="addons/ofxBox2d/libs/Box2D/Common" />
		</Unit>
		<Unit filename="../../../addons/ofxBox2d/libs/Box2D/Common/b2StackAllocator.h">
			<Option virtualFolder="addons/ofxBox2d/libs/Box2D/Common" />
		</Unit>
		<Unit filename="../../../addons/ofxBox2d/libs/Box2D/Dynamics/b2Body.cpp">
			<Option virtualFolder="addons/ofxBox2d/libs/Box2D/Dynamics" />
		</Unit>
		<Unit filename="../../../addons/ofxBox2d/libs/Box2D/Dynamics/b2Body.h">
			<Option virtualFolder="addons/ofxBox2d/libs/Box2D/Dynamics" />
		</Unit>
		<Unit filename="../../../addons/ofxBox2d/libs/Box2D/Dynamics/b2ContactManager.cpp">
			<Option virtualFolder="addons/ofxBox2d/libs/Box2D/Dynamics" />
		</Unit>
		<Unit filename="../../../addons/ofxBox2d/libs/Box2D/Dynamics/b2ContactManager.h">
			<Option virtualFolder="addons/ofxBox2d/libs/Box2D/Dynamics" />
		</Unit>
		<Unit filename="../../../addons/ofxBox2d/libs/Box2D/Dynamics/b2Fixture.cpp">
			<Option virtualFolder="addons/ofxBox2d/libs/Box2D/Dynamics" />
		</Unit>
		<Unit filename="../../../addons/ofxBox2d/libs/Box2D/Dynamics/b2Fixture.h">
			<Option virtualFolder="addons/ofxBox2d/libs/Box2D/Dynamics" />
		</Unit>
		<Unit filename="../../../addons/ofxBox2d/libs/Box2D/Dynamics/b2Island.cpp">
			<Option virtualFolder="addons/ofxBox2d/libs/Box2D/Dynamics" />
		</Unit>
		<Unit filename="../../../addons/ofxBox2d/libs/Box2D/Dynamics/b2Island.h">
			<Option virtualFolder="addons/ofxBox2d/libs/Box2D/Dynamics" />
		</Unit>
		<Unit filename="../../../addons/ofxBox2d/libs/Box2D/Dynamics/b2TimeStep.h">
			<Option virtualFolder="addons/ofxBox2d/libs/Box2D/Dynamics" />
		</Unit>
		<Unit filename="../../../addons/ofxBox2d/libs/Box2D/Dynamics/b2World.cpp">
			<Option virtualFolder="addons/ofxBox2d/libs/Box2D/Dynamics" />
		</Unit>
		<Unit filename="../../../addons/ofxBox2d/libs/Box2D/Dynamics/b2World.h">
			<Option virtualFolder="addons/ofxBox2d/libs/Box2D/Dynamics" />
		</Unit>
		<Unit filename="../../../addons/ofxBox2d/libs/Box2D/Dynamics/b2WorldCallbacks.cpp">
			<Option virtualFolder="addons/ofxBox2d/libs/Box2D/Dynamics" />
		</Unit>
		<Unit filename="../../../addons/ofxBox2d/libs/Box2D/Dynamics/b2WorldCallbacks.h">
			<Option virtualFolder="addons/ofxBox2d/libs/Box2D/Dynamics" />
		</Unit>
		<Unit filename="../../../addons/ofxBox2d/libs/Box2D/Dynamics/Contacts/b2CircleContact.cpp">
			<Option virtualFolder="addons/ofxBox2d/libs/Box2D/Dynamics/Contacts" />
		</Unit>
		<Unit filename="../../../addons/ofxBox2d/libs/Box2D/Dynamics/Contacts/b2CircleContact.h">
			<Option virtualFolder="addons/ofxBox2d/libs/Box2D/Dynamics/Contacts" />
		</Unit>
		<Unit filename="../../../addons/ofxBox2d/libs/Box2D/Dynamics/Contacts/b2Contact.cpp">
			<Option virtualFolder="addons/ofxBox2d/libs/Box2D/Dynamics/Contacts" />
		</Unit>
		<Unit filename="../../../addons/ofxBox2d/libs/Box2D/Dynamics/Contacts/b2Contact.h">
			<Option virtualFolder="addons/ofxBox2d/libs/Box2D/Dynamics/Contacts" />
		</Unit>
		<Unit filename="../../../addons/ofxBox2d/libs/Box2D/Dynamics/Contacts/b2ContactSolver.cpp">
			<Option virtualFolder="addons/ofxBox2d/libs/Box2D/Dynamics/Contacts" />
		</Unit>
		<Unit filename="../../../addons/ofxBox2d/libs/Box2D/Dynamics/Contacts/b2ContactSolver.h">
			<Option virtualFolder="addons/ofxBox2d/libs/Box2D/Dynamics/Contacts" />
		</Unit>
		<Unit filename="../../../addons/ofxBox2d/libs/Box2D/Dynamics/Contacts/b2PolygonAndCircleContact.cpp">
			<Option virtualFolder="addons/ofxBox2d/libs/Box2D/Dynamics/Contacts" />
		</Unit>
		<Unit filename="../../../addons/ofxBox2d/libs/Box2D/Dynamics/Contacts/b2PolygonAndCircleContact.h">
			<Option virtualFolder="addons/ofxBox2d/libs/Box2D/Dynamics/Contacts" />
		</Unit>
		<Unit filename="../../../addons/ofxBox2d/libs/Box2D/Dynamics/Contacts/b2PolygonContact.cpp">
			<Option virtualFolder="addons/ofxBox2d/libs/Box2D/Dynamics/Contacts" />
		</Unit>
		<Unit filename="../../../addons/ofxBox2d/libs/Box2D/Dynamics/Contacts/b2PolygonContact.h">
			<Option virtualFolder="addons/ofxBox2d/libs/Box2D/Dynamics/Contacts" />
		</Unit>
		<Unit filename="../../../addons/ofxBox2d/libs/Box2D/Dynamics/Contacts/b2TOISolver.cpp">
			<Option virtualFolder="addons/ofxBox2d/libs/Box2D/Dynamics/Contacts" />
		</Unit>
		<Unit filename="../../../addons/ofxBox2d/libs/Box2D/Dynamics/Contacts/b2TOISolver.h">
			<Option virtualFolder="addons/ofxBox2d/libs/Box2D/Dynamics/Contacts" />
		</Unit>
		<Unit filename="../../../addons/ofxBox2d/libs/Box2D/Dynamics/Joints/b2DistanceJoint.cpp">
			<Option virtualFolder="addons/ofxBox2d/libs/Box2D/Dynamics/Joints" />
		</Unit>
		<Unit filename="../../../addons/ofxBox2d/libs/Box2D/Dynamics/Joints/b2DistanceJoint.h">
			<Option virtualFolder="addons/ofxBox2d/libs/Box2D/Dynamics/Joints" />
		</Unit>
		<Unit filename="../../../addons/ofxBox2d/libs/Box2D/Dynamics/Joints/b2FrictionJoint.cpp">
			<Option virtualFolder="addons/ofxBox2d/libs/Box2D/Dynamics/Joints" />
		</Unit>
		<Unit filename="../../../addons/ofxBox2d/libs/Box2D/Dynamics/Joints/b2FrictionJoint.h">
			<Option virtualFolder="addons/ofxBox2d/libs/Box2D/Dynamics/Joints" />
		</Unit>
		<Unit filename="../../../addons/ofxBox2d/libs/Box2D/Dynamics/Joints/b2GearJoint.cpp">
			<Option virtualFolder="addons/ofxBox2d/libs/Box2D/Dynamics/Joints" />
		</Unit>
		<Unit filename="../../../addons/ofxBox2d/libs/Box2D/Dynamics/Joints/b2GearJoint.h">
			<Option virtualFolder="addons/ofxBox2d/libs/Box2D/Dynamics/Joints" />
		</Unit>
		<Unit filename="../../../addons/ofxBox2d/libs/Box2D/Dynamics/Joints/b2Joint.cpp">
			<Option virtualFolder="addons/ofxBox2d/libs/Box2D/Dynamics/Joints" />
		</Unit>
		<Unit filename="../../../addons/ofxBox2d/libs/Box2D/Dynamics/Joints/b2Joint.h">
			<Option virtualFolder="addons/ofxBox2d/libs/Box2D/Dynamics/Joints" />
		</Unit>
		<Unit filename="../../../addons/ofxBox2d/libs/Box2D/Dynamics/Joints/b2LineJoint.cpp">
			<Option virtualFolder="addons/ofxBox2d/libs/Box2D/Dynamics/Joints" />
		</Unit>
		<Unit filename="../../../addons/ofxBox2d/libs/Box2D/Dynamics/Joints/b2LineJoint.h">
			<Option virtualFolder="addons/ofxBox2d/libs/Box2D/Dynamics/Joints" />
		</Unit>
		<Unit filename="../../../addons/ofxBox2d/libs/Box2D/Dynamics/Joints/b2MouseJoint.cpp">
			<Option virtualFolder="addons/ofxBox2d/libs/Box2D/Dynamics/Joints" />
		</Unit>
		<Unit filename="../../../addons/ofxBox2d/libs/Box2D/Dynamics/Joints/b2MouseJoint.h">
			<Option virtualFolder="addons/ofxBox2d/libs/Box2D/Dynamics/Joints" />
		</Unit>
		<Unit filename="../../../addons/ofxBox2d/libs/Box2D/Dynamics/Joints/b2PrismaticJoint.cpp">
			<Option virtualFolder="addons/ofxBox2d/libs/Box2D/Dynamics/Joints" />
		</Unit>
		<Unit filename="../../../addons/ofxBox2d/libs/Box2D/Dynamics/Joints/b2PrismaticJoint.h">
			<Option virtualFolder="addons/ofxBox2d/libs/Box2D/Dynamics/Joints" />
		</Unit>
		<Unit filename="../../../addons/ofxBox2d/libs/Box2D/Dynamics/Joints/b2PulleyJoint.cpp">
			<Option virtualFolder="addons/ofxBox2d/libs/Box2D/Dynamics/Joints" />
		</Unit>
		<Unit filename="../../../addons/ofxBox2d/libs/Box2D/Dynamics/Joints/b2PulleyJoint.h">
			<Option virtualFolder="addons/ofxBox2d/libs/Box2D/Dynamics/Joints" />
		</Unit>
		<Unit filename="../../../addons/ofxBox2d/libs/Box2D/Dynamics/Joints/b2RevoluteJoint.cpp">
			<Option virtualFolder="addons/ofxBox2d/libs/Box2D/Dynamics/Joints" />
		</Unit>
		<Unit filename="../../../addons/ofxBox2d/libs/Box2D/Dynamics/Joints/b2RevoluteJoint.h">
			<Option virtualFolder="addons/ofxBox2d/libs/Box2D/Dynamics/Joints" />
		</Unit>
		<Unit filename="../../../addons/ofxBox2d/libs/Box2D/Dynamics/Joints/b2WeldJoint.cpp">
			<Option virtualFolder="addons/ofxBox2d/libs/Box2D/Dynamics/Joints" />
		</Unit>
		<Unit filename="../../../addons/ofxBox2d/libs/Box2D/Dynamics/Joints/b2WeldJoint.h">
			<Option virtualFolder="addons/ofxBox2d/libs/Box2D/Dynamics/Joints" />
		</Unit>
		<Unit filename="../../../addons/ofxBox2d/libs/triangle/assert.hpp">
			<Option virtualFolder="addons/ofxBox2d/libs/triangle" />
		</Unit>
		<Unit filename="../../../addons/ofxBox2d/libs/triangle/del_impl.cpp">
			<Option virtualFolder="addons/ofxBox2d/libs/triangle" />
		</Unit>
		<Unit filename="../../../addons/ofxBox2d/libs/triangle/del_interface.hpp">
			<Option virtualFolder="addons/ofxBox2d/libs/triangle" />
		</Unit>
		<Unit filename="../../../addons/ofxBox2d/libs/triangle/dpoint.hpp">
			<Option virtualFolder="addons/ofxBox2d/libs/triangle" />
		</Unit>
		<Unit filename="../../../addons/ofxBox2d/libs/triangle/triangle.h">
			<Option virtualFolder="addons/ofxBox2d/libs/triangle" />
		</Unit>
		<Unit filename="../../../addons/ofxBox2d/libs/triangle/triangle_impl.hpp">
			<Option virtualFolder="addons/ofxBox2d/libs/triangle" />
		</Unit>
	</Project>
</CodeBlocks_project_file>
